// !$*UTF8*$!
{
	archiveVersion = 1;
	classes = {
	};
	objectVersion = 54;
	objects = {

/* Begin PBXBuildFile section */
		070B8F041B6E53FA00D26137 /* Hello_Multiverse__Tests.m in Sources */ = {isa = PBXBuildFile; fileRef = 070B8F031B6E53FA00D26137 /* Hello_Multiverse__Tests.m */; };
		9A1FB75A28720F2E0042849A /* _matter.zip in Resources */ = {isa = PBXBuildFile; fileRef = 9A1FB74E28720F2D0042849A /* _matter.zip */; };
		9A273D3229CF1BB900CBEB97 /* InfoPlist.strings in Resources */ = {isa = PBXBuildFile; fileRef = 9A273D2E29CF1BB800CBEB97 /* InfoPlist.strings */; };
		9A8C68502783EAFE000C8587 /* Images.xcassets in Resources */ = {isa = PBXBuildFile; fileRef = 9A8C684C2783EAFE000C8587 /* Images.xcassets */; };
		9AAF25D627CFF89A00D96CB7 /* main.cpp in Sources */ = {isa = PBXBuildFile; fileRef = 9AAF25D527CFF89A00D96CB7 /* main.cpp */; };
		9AB15CDF29A8804A00DFDF90 /* libacme_darwin.dylib in Frameworks */ = {isa = PBXBuildFile; fileRef = 9AB15CDC29A8804A00DFDF90 /* libacme_darwin.dylib */; };
		9AB15CE129A8804A00DFDF90 /* libapex_darwin.dylib in Frameworks */ = {isa = PBXBuildFile; fileRef = 9AB15CDD29A8804A00DFDF90 /* libapex_darwin.dylib */; };
		9AB15CE329A8804A00DFDF90 /* libaura_darwin.dylib in Frameworks */ = {isa = PBXBuildFile; fileRef = 9AB15CDE29A8804A00DFDF90 /* libaura_darwin.dylib */; };
		9AC0238F27491F87006BEBCC /* libcore.dylib in Frameworks */ = {isa = PBXBuildFile; fileRef = 9AEA1E5726797FF9006F4A68 /* libcore.dylib */; };
		9AEA1E2726797F7A006F4A68 /* libacme.dylib in Frameworks */ = {isa = PBXBuildFile; fileRef = 9AEA1E2326797F7A006F4A68 /* libacme.dylib */; };
		9AEA1E3B26797FB1006F4A68 /* libapex.dylib in Frameworks */ = {isa = PBXBuildFile; fileRef = 9AEA1E2F26797FB1006F4A68 /* libapex.dylib */; };
/* End PBXBuildFile section */

/* Begin PBXContainerItemProxy section */
		070B8EFE1B6E53FA00D26137 /* PBXContainerItemProxy */ = {
			isa = PBXContainerItemProxy;
			containerPortal = 070B8EE21B6E53F900D26137 /* Project object */;
			proxyType = 1;
			remoteGlobalIDString = 070B8EE91B6E53F900D26137;
			remoteInfo = "Hello Multiverse!!";
		};
/* End PBXContainerItemProxy section */

/* Begin PBXFileReference section */
		070B8EEA1B6E53F900D26137 /* _app_core_vulken.app */ = {isa = PBXFileReference; explicitFileType = wrapper.application; includeInIndex = 0; path = _app_core_vulken.app; sourceTree = BUILT_PRODUCTS_DIR; };
		070B8EFD1B6E53FA00D26137 /* hello_multiverseTests.xctest */ = {isa = PBXFileReference; explicitFileType = wrapper.cfbundle; includeInIndex = 0; path = hello_multiverseTests.xctest; sourceTree = BUILT_PRODUCTS_DIR; };
		070B8F021B6E53FA00D26137 /* Info.plist */ = {isa = PBXFileReference; lastKnownFileType = text.plist.xml; path = Info.plist; sourceTree = "<group>"; };
		070B8F031B6E53FA00D26137 /* Hello_Multiverse__Tests.m */ = {isa = PBXFileReference; lastKnownFileType = sourcecode.c.objc; path = Hello_Multiverse__Tests.m; sourceTree = "<group>"; };
		9A1FB74E28720F2D0042849A /* _matter.zip */ = {isa = PBXFileReference; lastKnownFileType = archive.zip; name = _matter.zip; path = ../_matter.zip; sourceTree = "<group>"; };
		9A23A8A426CF500100F98012 /* libssl.dylib */ = {isa = PBXFileReference; lastKnownFileType = "compiled.mach-o.dylib"; name = libssl.dylib; path = "../../../../../operating_system/storage-macos/Debug/library/libssl.dylib"; sourceTree = "<group>"; };
		9A23A8A526CF500100F98012 /* libcrypto.dylib */ = {isa = PBXFileReference; lastKnownFileType = "compiled.mach-o.dylib"; name = libcrypto.dylib; path = "../../../../../operating_system/storage-macos/Debug/library/libcrypto.dylib"; sourceTree = "<group>"; };
		9A273D2F29CF1BB800CBEB97 /* en */ = {isa = PBXFileReference; lastKnownFileType = text.plist.strings; name = en; path = InfoPlist.strings; sourceTree = "<group>"; };
		9A6543282666987100F8A254 /* libgcom.dylib */ = {isa = PBXFileReference; explicitFileType = "compiled.mach-o.dylib"; path = libgcom.dylib; sourceTree = BUILT_PRODUCTS_DIR; };
		9A8C684C2783EAFE000C8587 /* Images.xcassets */ = {isa = PBXFileReference; lastKnownFileType = folder.assetcatalog; path = Images.xcassets; sourceTree = "<group>"; };
		9A8C684E2783EAFE000C8587 /* Info.plist */ = {isa = PBXFileReference; fileEncoding = 4; lastKnownFileType = text.plist.xml; path = Info.plist; sourceTree = "<group>"; };
		9AAF25D527CFF89A00D96CB7 /* main.cpp */ = {isa = PBXFileReference; fileEncoding = 4; lastKnownFileType = sourcecode.cpp.cpp; path = main.cpp; sourceTree = "<group>"; };
		9AB15CDC29A8804A00DFDF90 /* libacme_darwin.dylib */ = {isa = PBXFileReference; explicitFileType = "compiled.mach-o.dylib"; path = libacme_darwin.dylib; sourceTree = BUILT_PRODUCTS_DIR; };
		9AB15CDD29A8804A00DFDF90 /* libapex_darwin.dylib */ = {isa = PBXFileReference; explicitFileType = "compiled.mach-o.dylib"; path = libapex_darwin.dylib; sourceTree = BUILT_PRODUCTS_DIR; };
		9AB15CDE29A8804A00DFDF90 /* libaura_darwin.dylib */ = {isa = PBXFileReference; explicitFileType = "compiled.mach-o.dylib"; path = libaura_darwin.dylib; sourceTree = BUILT_PRODUCTS_DIR; };
		9AD0CB82272B9D7200468A67 /* libpcre.dylib */ = {isa = PBXFileReference; explicitFileType = "compiled.mach-o.dylib"; path = libpcre.dylib; sourceTree = BUILT_PRODUCTS_DIR; };
		9AE5C85B22CB88E500EDEAD1 /* en.lproj */ = {isa = PBXFileReference; lastKnownFileType = folder; path = en.lproj; sourceTree = "<group>"; };
		9AE7A39C2D1CD56700070257 /* libacme_windowing_appkit.dylib */ = {isa = PBXFileReference; explicitFileType = "compiled.mach-o.dylib"; path = libacme_windowing_appkit.dylib; sourceTree = BUILT_PRODUCTS_DIR; };
		9AE7A39D2D1CD56700070257 /* libacme_windowing_kit.dylib */ = {isa = PBXFileReference; explicitFileType = "compiled.mach-o.dylib"; path = libacme_windowing_kit.dylib; sourceTree = BUILT_PRODUCTS_DIR; };
		9AE7A3A22D1CD57200070257 /* libinnate_ui_appkit.dylib */ = {isa = PBXFileReference; explicitFileType = "compiled.mach-o.dylib"; path = libinnate_ui_appkit.dylib; sourceTree = BUILT_PRODUCTS_DIR; };
		9AE7A3A52D1CD57C00070257 /* libnano_graphics_quartz2d.dylib */ = {isa = PBXFileReference; explicitFileType = "compiled.mach-o.dylib"; path = libnano_graphics_quartz2d.dylib; sourceTree = BUILT_PRODUCTS_DIR; };
		9AEA1E2326797F7A006F4A68 /* libacme.dylib */ = {isa = PBXFileReference; explicitFileType = "compiled.mach-o.dylib"; path = libacme.dylib; sourceTree = BUILT_PRODUCTS_DIR; };
		9AEA1E2426797F7A006F4A68 /* libacme_apple.dylib */ = {isa = PBXFileReference; explicitFileType = "compiled.mach-o.dylib"; path = libacme_apple.dylib; sourceTree = BUILT_PRODUCTS_DIR; };
		9AEA1E2526797F7A006F4A68 /* libacme_macos.dylib */ = {isa = PBXFileReference; explicitFileType = "compiled.mach-o.dylib"; path = libacme_macos.dylib; sourceTree = BUILT_PRODUCTS_DIR; };
		9AEA1E2626797F7A006F4A68 /* libacme_posix.dylib */ = {isa = PBXFileReference; explicitFileType = "compiled.mach-o.dylib"; path = libacme_posix.dylib; sourceTree = BUILT_PRODUCTS_DIR; };
		9AEA1E2F26797FB1006F4A68 /* libapex.dylib */ = {isa = PBXFileReference; explicitFileType = "compiled.mach-o.dylib"; path = libapex.dylib; sourceTree = BUILT_PRODUCTS_DIR; };
		9AEA1E3026797FB1006F4A68 /* libapex_apple.dylib */ = {isa = PBXFileReference; explicitFileType = "compiled.mach-o.dylib"; path = libapex_apple.dylib; sourceTree = BUILT_PRODUCTS_DIR; };
		9AEA1E3126797FB1006F4A68 /* libapex_macos.dylib */ = {isa = PBXFileReference; explicitFileType = "compiled.mach-o.dylib"; path = libapex_macos.dylib; sourceTree = BUILT_PRODUCTS_DIR; };
		9AEA1E3226797FB1006F4A68 /* libapex_posix.dylib */ = {isa = PBXFileReference; explicitFileType = "compiled.mach-o.dylib"; path = libapex_posix.dylib; sourceTree = BUILT_PRODUCTS_DIR; };
		9AEA1E3326797FB1006F4A68 /* libaqua.dylib */ = {isa = PBXFileReference; explicitFileType = "compiled.mach-o.dylib"; path = libaqua.dylib; sourceTree = BUILT_PRODUCTS_DIR; };
		9AEA1E3426797FB1006F4A68 /* libaura.dylib */ = {isa = PBXFileReference; explicitFileType = "compiled.mach-o.dylib"; path = libaura.dylib; sourceTree = BUILT_PRODUCTS_DIR; };
		9AEA1E3526797FB1006F4A68 /* libaura_apple.dylib */ = {isa = PBXFileReference; explicitFileType = "compiled.mach-o.dylib"; path = libaura_apple.dylib; sourceTree = BUILT_PRODUCTS_DIR; };
		9AEA1E3626797FB1006F4A68 /* libaura_macos.dylib */ = {isa = PBXFileReference; explicitFileType = "compiled.mach-o.dylib"; path = libaura_macos.dylib; sourceTree = BUILT_PRODUCTS_DIR; };
		9AEA1E3726797FB1006F4A68 /* libaura_posix.dylib */ = {isa = PBXFileReference; explicitFileType = "compiled.mach-o.dylib"; path = libaura_posix.dylib; sourceTree = BUILT_PRODUCTS_DIR; };
		9AEA1E3826797FB1006F4A68 /* libaxis.dylib */ = {isa = PBXFileReference; explicitFileType = "compiled.mach-o.dylib"; path = libaxis.dylib; sourceTree = BUILT_PRODUCTS_DIR; };
		9AEA1E3926797FB1006F4A68 /* libbase.dylib */ = {isa = PBXFileReference; explicitFileType = "compiled.mach-o.dylib"; path = libbase.dylib; sourceTree = BUILT_PRODUCTS_DIR; };
		9AEA1E5626797FF9006F4A68 /* libbred.dylib */ = {isa = PBXFileReference; explicitFileType = "compiled.mach-o.dylib"; path = libbred.dylib; sourceTree = BUILT_PRODUCTS_DIR; };
		9AEA1E5726797FF9006F4A68 /* libcore.dylib */ = {isa = PBXFileReference; explicitFileType = "compiled.mach-o.dylib"; path = libcore.dylib; sourceTree = BUILT_PRODUCTS_DIR; };
		9AEA1E5826797FF9006F4A68 /* libidn.dylib */ = {isa = PBXFileReference; explicitFileType = "compiled.mach-o.dylib"; path = libidn.dylib; sourceTree = BUILT_PRODUCTS_DIR; };
		9AEA1E5926797FF9006F4A68 /* libwindowing_macos.dylib */ = {isa = PBXFileReference; explicitFileType = "compiled.mach-o.dylib"; path = libwindowing_macos.dylib; sourceTree = BUILT_PRODUCTS_DIR; };
		9AEC3F5A2D1AACD900F9E621 /* libnode_macos.dylib */ = {isa = PBXFileReference; explicitFileType = "compiled.mach-o.dylib"; path = libnode_macos.dylib; sourceTree = BUILT_PRODUCTS_DIR; };
/* End PBXFileReference section */

/* Begin PBXFrameworksBuildPhase section */
		070B8EE71B6E53F900D26137 /* Frameworks */ = {
			isa = PBXFrameworksBuildPhase;
			buildActionMask = 2147483647;
			files = (
				9AB15CE129A8804A00DFDF90 /* libapex_darwin.dylib in Frameworks */,
				9AC0238F27491F87006BEBCC /* libcore.dylib in Frameworks */,
				9AB15CE329A8804A00DFDF90 /* libaura_darwin.dylib in Frameworks */,
				9AEA1E2726797F7A006F4A68 /* libacme.dylib in Frameworks */,
				9AEA1E3B26797FB1006F4A68 /* libapex.dylib in Frameworks */,
				9AB15CDF29A8804A00DFDF90 /* libacme_darwin.dylib in Frameworks */,
			);
			runOnlyForDeploymentPostprocessing = 0;
		};
		070B8EFA1B6E53FA00D26137 /* Frameworks */ = {
			isa = PBXFrameworksBuildPhase;
			buildActionMask = 2147483647;
			files = (
			);
			runOnlyForDeploymentPostprocessing = 0;
		};
/* End PBXFrameworksBuildPhase section */

/* Begin PBXGroup section */
		070B8EE11B6E53F900D26137 = {
			isa = PBXGroup;
			children = (
				9A7D47C42D7032C7003CF973 /* output */,
				9A8C665F2783EAA7000C8587 /* __implement */,
				070B8F001B6E53FA00D26137 /* Hello Multiverse!!Tests */,
				9AE5C6DC22CB489200EDEAD1 /* Frameworks */,
				9AB3ED6023052883006824E6 /* Library */,
				070B8EEB1B6E53F900D26137 /* Products */,
				9AE5C85A22CB88D100EDEAD1 /* Supporting Files */,
			);
			sourceTree = "<group>";
		};
		070B8EEB1B6E53F900D26137 /* Products */ = {
			isa = PBXGroup;
			children = (
				070B8EEA1B6E53F900D26137 /* _app_core_vulken.app */,
				070B8EFD1B6E53FA00D26137 /* hello_multiverseTests.xctest */,
			);
			name = Products;
			sourceTree = "<group>";
		};
		070B8F001B6E53FA00D26137 /* Hello Multiverse!!Tests */ = {
			isa = PBXGroup;
			children = (
				070B8F031B6E53FA00D26137 /* Hello_Multiverse__Tests.m */,
				070B8F011B6E53FA00D26137 /* Supporting Files */,
			);
			path = "Hello Multiverse!!Tests";
			sourceTree = "<group>";
		};
		070B8F011B6E53FA00D26137 /* Supporting Files */ = {
			isa = PBXGroup;
			children = (
				070B8F021B6E53FA00D26137 /* Info.plist */,
			);
			name = "Supporting Files";
			sourceTree = "<group>";
		};
		9A273D2D29CF1BB800CBEB97 /* en.lproj */ = {
			isa = PBXGroup;
			children = (
				9A273D2E29CF1BB800CBEB97 /* InfoPlist.strings */,
			);
			path = en.lproj;
			sourceTree = "<group>";
		};
		9A7D47C42D7032C7003CF973 /* output */ = {
			isa = PBXGroup;
			children = (
			);
			path = output;
			sourceTree = "<group>";
		};
		9A8C665F2783EAA7000C8587 /* __implement */ = {
			isa = PBXGroup;
			children = (
				9A1FB74E28720F2D0042849A /* _matter.zip */,
				9AAF25D527CFF89A00D96CB7 /* main.cpp */,
				9A8C68492783EAFE000C8587 /* macos */,
			);
			name = __implement;
			sourceTree = "<group>";
		};
		9A8C68492783EAFE000C8587 /* macos */ = {
			isa = PBXGroup;
			children = (
				9A273D2D29CF1BB800CBEB97 /* en.lproj */,
				9A8C684C2783EAFE000C8587 /* Images.xcassets */,
				9A8C684E2783EAFE000C8587 /* Info.plist */,
			);
			path = macos;
			sourceTree = "<group>";
		};
		9AB3ED6023052883006824E6 /* Library */ = {
			isa = PBXGroup;
			children = (
			);
			name = Library;
			sourceTree = "<group>";
		};
		9AE5C6DC22CB489200EDEAD1 /* Frameworks */ = {
			isa = PBXGroup;
			children = (
				9AE7A3A52D1CD57C00070257 /* libnano_graphics_quartz2d.dylib */,
				9AE7A3A22D1CD57200070257 /* libinnate_ui_appkit.dylib */,
				9AE7A39C2D1CD56700070257 /* libacme_windowing_appkit.dylib */,
				9AE7A39D2D1CD56700070257 /* libacme_windowing_kit.dylib */,
				9AEC3F5A2D1AACD900F9E621 /* libnode_macos.dylib */,
				9AB15CDC29A8804A00DFDF90 /* libacme_darwin.dylib */,
				9AB15CDD29A8804A00DFDF90 /* libapex_darwin.dylib */,
				9AB15CDE29A8804A00DFDF90 /* libaura_darwin.dylib */,
				9AD0CB82272B9D7200468A67 /* libpcre.dylib */,
				9AEA1E5626797FF9006F4A68 /* libbred.dylib */,
				9AEA1E5726797FF9006F4A68 /* libcore.dylib */,
				9AEA1E5826797FF9006F4A68 /* libidn.dylib */,
				9AEA1E5926797FF9006F4A68 /* libwindowing_macos.dylib */,
				9AEA1E2F26797FB1006F4A68 /* libapex.dylib */,
				9AEA1E3026797FB1006F4A68 /* libapex_apple.dylib */,
				9AEA1E3126797FB1006F4A68 /* libapex_macos.dylib */,
				9AEA1E3226797FB1006F4A68 /* libapex_posix.dylib */,
				9A23A8A526CF500100F98012 /* libcrypto.dylib */,
				9A23A8A426CF500100F98012 /* libssl.dylib */,
				9AEA1E3326797FB1006F4A68 /* libaqua.dylib */,
				9AEA1E3426797FB1006F4A68 /* libaura.dylib */,
				9AEA1E3526797FB1006F4A68 /* libaura_apple.dylib */,
				9AEA1E3626797FB1006F4A68 /* libaura_macos.dylib */,
				9AEA1E3726797FB1006F4A68 /* libaura_posix.dylib */,
				9AEA1E3826797FB1006F4A68 /* libaxis.dylib */,
				9AEA1E3926797FB1006F4A68 /* libbase.dylib */,
				9AEA1E2326797F7A006F4A68 /* libacme.dylib */,
				9AEA1E2426797F7A006F4A68 /* libacme_apple.dylib */,
				9AEA1E2526797F7A006F4A68 /* libacme_macos.dylib */,
				9AEA1E2626797F7A006F4A68 /* libacme_posix.dylib */,
				9A6543282666987100F8A254 /* libgcom.dylib */,
			);
			name = Frameworks;
			sourceTree = "<group>";
		};
		9AE5C85A22CB88D100EDEAD1 /* Supporting Files */ = {
			isa = PBXGroup;
			children = (
				9AE5C85B22CB88E500EDEAD1 /* en.lproj */,
			);
			name = "Supporting Files";
			sourceTree = "<group>";
		};
/* End PBXGroup section */

/* Begin PBXNativeTarget section */
		070B8EE91B6E53F900D26137 /* _app_core_vulken */ = {
			isa = PBXNativeTarget;
			buildConfigurationList = 070B8F071B6E53FA00D26137 /* Build configuration list for PBXNativeTarget "_app_core_vulken" */;
			buildPhases = (
				070B8EE61B6E53F900D26137 /* Sources */,
				070B8EE71B6E53F900D26137 /* Frameworks */,
				070B8EE81B6E53F900D26137 /* Resources */,
			);
			buildRules = (
			);
			dependencies = (
			);
			name = _app_core_vulken;
			productName = "Hello Multiverse!!";
			productReference = 070B8EEA1B6E53F900D26137 /* _app_core_vulken.app */;
			productType = "com.apple.product-type.application";
		};
		070B8EFC1B6E53FA00D26137 /* hello_multiverseTests */ = {
			isa = PBXNativeTarget;
			buildConfigurationList = 070B8F0A1B6E53FA00D26137 /* Build configuration list for PBXNativeTarget "hello_multiverseTests" */;
			buildPhases = (
				070B8EF91B6E53FA00D26137 /* Sources */,
				070B8EFA1B6E53FA00D26137 /* Frameworks */,
				070B8EFB1B6E53FA00D26137 /* Resources */,
			);
			buildRules = (
			);
			dependencies = (
				070B8EFF1B6E53FA00D26137 /* PBXTargetDependency */,
			);
			name = hello_multiverseTests;
			productName = "Hello Multiverse!!Tests";
			productReference = 070B8EFD1B6E53FA00D26137 /* hello_multiverseTests.xctest */;
			productType = "com.apple.product-type.bundle.unit-test";
		};
/* End PBXNativeTarget section */

/* Begin PBXProject section */
		070B8EE21B6E53F900D26137 /* Project object */ = {
			isa = PBXProject;
			attributes = {
				BuildIndependentTargetsInParallel = YES;
				LastUpgradeCheck = 1540;
				ORGANIZATIONNAME = "ca2 Software Development";
				TargetAttributes = {
					070B8EE91B6E53F900D26137 = {
						CreatedOnToolsVersion = 6.4;
						DevelopmentTeam = L8N5V6TZE5;
						ProvisioningStyle = Automatic;
					};
					070B8EFC1B6E53FA00D26137 = {
						CreatedOnToolsVersion = 6.4;
						TestTargetID = 070B8EE91B6E53F900D26137;
					};
				};
			};
			buildConfigurationList = 070B8EE51B6E53F900D26137 /* Build configuration list for PBXProject "app_core_vulken" */;
			compatibilityVersion = "Xcode 12.0";
			developmentRegion = en;
			hasScannedForEncodings = 0;
			knownRegions = (
				en,
				Base,
			);
			mainGroup = 070B8EE11B6E53F900D26137;
			productRefGroup = 070B8EEB1B6E53F900D26137 /* Products */;
			projectDirPath = "";
			projectRoot = "";
			targets = (
				070B8EE91B6E53F900D26137 /* _app_core_vulken */,
				070B8EFC1B6E53FA00D26137 /* hello_multiverseTests */,
			);
		};
/* End PBXProject section */

/* Begin PBXResourcesBuildPhase section */
		070B8EE81B6E53F900D26137 /* Resources */ = {
			isa = PBXResourcesBuildPhase;
			buildActionMask = 2147483647;
			files = (
				9A1FB75A28720F2E0042849A /* _matter.zip in Resources */,
				9A273D3229CF1BB900CBEB97 /* InfoPlist.strings in Resources */,
				9A8C68502783EAFE000C8587 /* Images.xcassets in Resources */,
			);
			runOnlyForDeploymentPostprocessing = 0;
		};
		070B8EFB1B6E53FA00D26137 /* Resources */ = {
			isa = PBXResourcesBuildPhase;
			buildActionMask = 2147483647;
			files = (
			);
			runOnlyForDeploymentPostprocessing = 0;
		};
/* End PBXResourcesBuildPhase section */

/* Begin PBXSourcesBuildPhase section */
		070B8EE61B6E53F900D26137 /* Sources */ = {
			isa = PBXSourcesBuildPhase;
			buildActionMask = 2147483647;
			files = (
				9AAF25D627CFF89A00D96CB7 /* main.cpp in Sources */,
			);
			runOnlyForDeploymentPostprocessing = 0;
		};
		070B8EF91B6E53FA00D26137 /* Sources */ = {
			isa = PBXSourcesBuildPhase;
			buildActionMask = 2147483647;
			files = (
				070B8F041B6E53FA00D26137 /* Hello_Multiverse__Tests.m in Sources */,
			);
			runOnlyForDeploymentPostprocessing = 0;
		};
/* End PBXSourcesBuildPhase section */

/* Begin PBXTargetDependency section */
		070B8EFF1B6E53FA00D26137 /* PBXTargetDependency */ = {
			isa = PBXTargetDependency;
			target = 070B8EE91B6E53F900D26137 /* _app_core_vulken */;
			targetProxy = 070B8EFE1B6E53FA00D26137 /* PBXContainerItemProxy */;
		};
/* End PBXTargetDependency section */

/* Begin PBXVariantGroup section */
		9A273D2E29CF1BB800CBEB97 /* InfoPlist.strings */ = {
			isa = PBXVariantGroup;
			children = (
				9A273D2F29CF1BB800CBEB97 /* en */,
			);
			name = InfoPlist.strings;
			sourceTree = "<group>";
		};
/* End PBXVariantGroup section */

/* Begin XCBuildConfiguration section */
		070B8F051B6E53FA00D26137 /* Debug */ = {
			isa = XCBuildConfiguration;
			buildSettings = {
				ALWAYS_SEARCH_USER_PATHS = NO;
				ASSETCATALOG_COMPILER_GENERATE_SWIFT_ASSET_SYMBOL_EXTENSIONS = YES;
				CLANG_ANALYZER_LOCALIZABILITY_NONLOCALIZED = YES;
				CLANG_CXX_LANGUAGE_STANDARD = "c++20";
				CLANG_ENABLE_OBJC_ARC = YES;
				CLANG_WARN_BLOCK_CAPTURE_AUTORELEASING = YES;
				CLANG_WARN_BOOL_CONVERSION = YES;
				CLANG_WARN_COMMA = YES;
				CLANG_WARN_CONSTANT_CONVERSION = YES;
				CLANG_WARN_DEPRECATED_OBJC_IMPLEMENTATIONS = YES;
				CLANG_WARN_DIRECT_OBJC_ISA_USAGE = YES_ERROR;
				CLANG_WARN_EMPTY_BODY = YES;
				CLANG_WARN_ENUM_CONVERSION = YES;
				CLANG_WARN_INFINITE_RECURSION = YES;
				CLANG_WARN_INT_CONVERSION = YES;
				CLANG_WARN_NON_LITERAL_NULL_CONVERSION = YES;
				CLANG_WARN_OBJC_IMPLICIT_RETAIN_SELF = YES;
				CLANG_WARN_OBJC_LITERAL_CONVERSION = YES;
				CLANG_WARN_OBJC_ROOT_CLASS = YES_ERROR;
				CLANG_WARN_QUOTED_INCLUDE_IN_FRAMEWORK_HEADER = YES;
				CLANG_WARN_RANGE_LOOP_ANALYSIS = YES;
				CLANG_WARN_STRICT_PROTOTYPES = YES;
				CLANG_WARN_SUSPICIOUS_MOVE = YES;
				CLANG_WARN_UNREACHABLE_CODE = YES;
				CLANG_WARN__DUPLICATE_METHOD_MATCH = YES;
				CODE_SIGN_IDENTITY = "Mac Developer";
				CODE_SIGN_STYLE = Automatic;
				COPY_PHASE_STRIP = NO;
				DEAD_CODE_STRIPPING = YES;
				DEBUG_INFORMATION_FORMAT = dwarf;
				DEVELOPMENT_TEAM = L8N5V6TZE5;
				ENABLE_HARDENED_RUNTIME = YES;
				ENABLE_STRICT_OBJC_MSGSEND = YES;
				ENABLE_TESTABILITY = YES;
				ENABLE_USER_SCRIPT_SANDBOXING = YES;
				GCC_C_LANGUAGE_STANDARD = c11;
				GCC_DYNAMIC_NO_PIC = NO;
				GCC_NO_COMMON_BLOCKS = YES;
				GCC_OPTIMIZATION_LEVEL = 0;
				GCC_PREPROCESSOR_DEFINITIONS = "$(inherited)";
				GCC_SYMBOLS_PRIVATE_EXTERN = NO;
				GCC_WARN_64_TO_32_BIT_CONVERSION = YES;
				GCC_WARN_ABOUT_RETURN_TYPE = YES_ERROR;
				GCC_WARN_UNDECLARED_SELECTOR = YES;
				GCC_WARN_UNINITIALIZED_AUTOS = YES_AGGRESSIVE;
				GCC_WARN_UNUSED_FUNCTION = YES;
				GCC_WARN_UNUSED_VARIABLE = YES;
				HEADER_SEARCH_PATHS = "";
				LIBRARY_SEARCH_PATHS = (
					"$(inherited)",
					"$(WorkspaceDir)/../operating_system/storage-$(PLATFORM_MODIFIER)/$(CONFIGURATION)/library",
					"$(WorkspaceDir)/operating_system",
				);
				ONLY_ACTIVE_ARCH = YES;
				PLATFORM_MODIFIER = macos;
				PRODUCT_MODULE_NAME = "$(TARGET_NAME)";
				PRODUCT_NAME = "$(TARGET_NAME)";
				PROVISIONING_PROFILE_SPECIFIER = "";
				SDKROOT = macosx;
				SYSTEM_HEADER_SEARCH_PATHS = (
					"$(WorkspaceDir)/operating_system",
					"$(WorkspaceDir)/operating_system/operating_system-$(PLATFORM_MODIFIER)/third-$(PLATFORM_MODIFIER)/include",
					"$(WorkspaceDir)/port/_",
					"$(WorkspaceDir)/port/include",
					"$(WorkspaceDir)/operating_system",
					"$(WorkspaceDir)/operating_system/operating_system-$(PLATFORM_MODIFIER)/third-$(PLATFORM_MODIFIER)/third/include/",
				);
				USER_HEADER_SEARCH_PATHS = (
					"$(WorkspaceDir)/source",
					"$(WorkspaceDir)/source/include",
					"$(WorkspaceDir)/operating_system-$(PLATFORM_MODIFIER)",
					"$(WorkspaceDir)/operating_system/operating_system-$(PLATFORM_MODIFIER)/include/configuration_selection/$(CONFIGURATION)",
					"$(WorkspaceDir)/operating_system/operating_system-$(PLATFORM_MODIFIER)/include",
					"$(WorkspaceDir)/port/_",
					"$(WorkspaceDir)/port/include",
					"$(WorkspaceDir)/source/app",
					"$(WorkspaceDir)/source/app/include",
					"$(WorkspaceDir)/operating_system",
					"$(WorkspaceDir)/operating_system/operating_system-$(PLATFORM_MODIFIER)",
					.,
					"$(PROJECT_DIR)",
					"$(PROJECT_DIR)/..",
					"$(PROJECT_DIR)/../..",
					"$(HOME)/sensitive/sensitive/include",
				);
				USE_HEADERMAP = NO;
				WorkspaceDir = "$(SRCROOT)/../../../..";
			};
			name = Debug;
		};
		070B8F061B6E53FA00D26137 /* Release */ = {
			isa = XCBuildConfiguration;
			buildSettings = {
				ALWAYS_SEARCH_USER_PATHS = NO;
				ASSETCATALOG_COMPILER_GENERATE_SWIFT_ASSET_SYMBOL_EXTENSIONS = YES;
				CLANG_ANALYZER_LOCALIZABILITY_NONLOCALIZED = YES;
				CLANG_CXX_LANGUAGE_STANDARD = "c++20";
				CLANG_ENABLE_OBJC_ARC = YES;
				CLANG_WARN_BLOCK_CAPTURE_AUTORELEASING = YES;
				CLANG_WARN_BOOL_CONVERSION = YES;
				CLANG_WARN_COMMA = YES;
				CLANG_WARN_CONSTANT_CONVERSION = YES;
				CLANG_WARN_DEPRECATED_OBJC_IMPLEMENTATIONS = YES;
				CLANG_WARN_DIRECT_OBJC_ISA_USAGE = YES_ERROR;
				CLANG_WARN_EMPTY_BODY = YES;
				CLANG_WARN_ENUM_CONVERSION = YES;
				CLANG_WARN_INFINITE_RECURSION = YES;
				CLANG_WARN_INT_CONVERSION = YES;
				CLANG_WARN_NON_LITERAL_NULL_CONVERSION = YES;
				CLANG_WARN_OBJC_IMPLICIT_RETAIN_SELF = YES;
				CLANG_WARN_OBJC_LITERAL_CONVERSION = YES;
				CLANG_WARN_OBJC_ROOT_CLASS = YES_ERROR;
				CLANG_WARN_QUOTED_INCLUDE_IN_FRAMEWORK_HEADER = YES;
				CLANG_WARN_RANGE_LOOP_ANALYSIS = YES;
				CLANG_WARN_STRICT_PROTOTYPES = YES;
				CLANG_WARN_SUSPICIOUS_MOVE = YES;
				CLANG_WARN_UNREACHABLE_CODE = YES;
				CLANG_WARN__DUPLICATE_METHOD_MATCH = YES;
				CODE_SIGN_IDENTITY = "Mac Developer";
				CODE_SIGN_STYLE = Automatic;
				COPY_PHASE_STRIP = NO;
				DEAD_CODE_STRIPPING = YES;
				DEBUG_INFORMATION_FORMAT = "dwarf-with-dsym";
				DEVELOPMENT_TEAM = L8N5V6TZE5;
				ENABLE_HARDENED_RUNTIME = YES;
				ENABLE_NS_ASSERTIONS = NO;
				ENABLE_STRICT_OBJC_MSGSEND = YES;
				ENABLE_USER_SCRIPT_SANDBOXING = YES;
				GCC_C_LANGUAGE_STANDARD = c11;
				GCC_NO_COMMON_BLOCKS = YES;
				GCC_OPTIMIZATION_LEVEL = 0;
				GCC_WARN_64_TO_32_BIT_CONVERSION = YES;
				GCC_WARN_ABOUT_RETURN_TYPE = YES_ERROR;
				GCC_WARN_UNDECLARED_SELECTOR = YES;
				GCC_WARN_UNINITIALIZED_AUTOS = YES_AGGRESSIVE;
				GCC_WARN_UNUSED_FUNCTION = YES;
				GCC_WARN_UNUSED_VARIABLE = YES;
				HEADER_SEARCH_PATHS = "";
				LIBRARY_SEARCH_PATHS = (
					"$(inherited)",
					"$(WorkspaceDir)/../operating_system/storage-$(PLATFORM_MODIFIER)/$(CONFIGURATION)/library",
					"$(WorkspaceDir)/operating_system",
				);
				PLATFORM_MODIFIER = macos;
				PRODUCT_MODULE_NAME = "$(TARGET_NAME)";
				PRODUCT_NAME = "$(TARGET_NAME)";
				PROVISIONING_PROFILE_SPECIFIER = "";
				SDKROOT = macosx;
				SYSTEM_HEADER_SEARCH_PATHS = (
					"$(WorkspaceDir)/operating_system",
					"$(WorkspaceDir)/operating_system/operating_system-$(PLATFORM_MODIFIER)/third-$(PLATFORM_MODIFIER)/include",
					"$(WorkspaceDir)/port/_",
					"$(WorkspaceDir)/port/include",
					"$(WorkspaceDir)/operating_system",
					"$(WorkspaceDir)/operating_system/operating_system-$(PLATFORM_MODIFIER)/third-$(PLATFORM_MODIFIER)/third/include/",
				);
				USER_HEADER_SEARCH_PATHS = (
					"$(WorkspaceDir)/source",
					"$(WorkspaceDir)/source/include",
					"$(WorkspaceDir)/operating_system-$(PLATFORM_MODIFIER)",
					"$(WorkspaceDir)/operating_system/operating_system-$(PLATFORM_MODIFIER)/include/configuration_selection/$(CONFIGURATION)",
					"$(WorkspaceDir)/operating_system/operating_system-$(PLATFORM_MODIFIER)/include",
					"$(WorkspaceDir)/port/_",
					"$(WorkspaceDir)/port/include",
					"$(WorkspaceDir)/source/app",
					"$(WorkspaceDir)/source/app/include",
					"$(WorkspaceDir)/operating_system",
					"$(WorkspaceDir)/operating_system/operating_system-$(PLATFORM_MODIFIER)",
					.,
					"$(PROJECT_DIR)",
					"$(PROJECT_DIR)/..",
					"$(PROJECT_DIR)/../..",
					"$(HOME)/sensitive/sensitive/include",
				);
				USE_HEADERMAP = NO;
				WorkspaceDir = "$(SRCROOT)/../../../..";
			};
			name = Release;
		};
		070B8F081B6E53FA00D26137 /* Debug */ = {
			isa = XCBuildConfiguration;
			buildSettings = {
				ASSETCATALOG_COMPILER_APPICON_NAME = AppIcon;
				INFOPLIST_FILE = "$(SRCROOT)/macos/Info.plist";
				INFOPLIST_KEY_CFBundleDisplayName = Vulken;
				PRODUCT_BUNDLE_IDENTIFIER = "app-core.vulken";
			};
			name = Debug;
		};
		070B8F091B6E53FA00D26137 /* Release */ = {
			isa = XCBuildConfiguration;
			buildSettings = {
				ASSETCATALOG_COMPILER_APPICON_NAME = AppIcon;
				INFOPLIST_FILE = "$(SRCROOT)/macos/Info.plist";
				INFOPLIST_KEY_CFBundleDisplayName = Vulken;
				PRODUCT_BUNDLE_IDENTIFIER = "app-core.vulken";
			};
			name = Release;
		};
		070B8F0B1B6E53FA00D26137 /* Debug */ = {
			isa = XCBuildConfiguration;
			buildSettings = {
				BUNDLE_LOADER = "$(TEST_HOST)";
				COMBINE_HIDPI_IMAGES = YES;
				FRAMEWORK_SEARCH_PATHS = (
					"$(DEVELOPER_FRAMEWORKS_DIR)",
					"$(inherited)",
				);
				GCC_PREPROCESSOR_DEFINITIONS = (
					"DEBUG=1",
					"$(inherited)",
				);
				INFOPLIST_FILE = "Hello Multiverse!!Tests/Info.plist";
				LD_RUNPATH_SEARCH_PATHS = (
					"$(inherited)",
					"@executable_path/../Frameworks",
					"@loader_path/../Frameworks",
				);
				PRODUCT_BUNDLE_IDENTIFIER = "com.ca2.$(PRODUCT_NAME:rfc1034identifier)";
				PRODUCT_NAME = "$(TARGET_NAME)";
				TEST_HOST = "$(BUILT_PRODUCTS_DIR)/hello_multiverse.app/Contents/MacOS/hello_multiverse";
			};
			name = Debug;
		};
		070B8F0C1B6E53FA00D26137 /* Release */ = {
			isa = XCBuildConfiguration;
			buildSettings = {
				BUNDLE_LOADER = "$(TEST_HOST)";
				COMBINE_HIDPI_IMAGES = YES;
				FRAMEWORK_SEARCH_PATHS = (
					"$(DEVELOPER_FRAMEWORKS_DIR)",
					"$(inherited)",
				);
				INFOPLIST_FILE = "Hello Multiverse!!Tests/Info.plist";
				LD_RUNPATH_SEARCH_PATHS = (
					"$(inherited)",
					"@executable_path/../Frameworks",
					"@loader_path/../Frameworks",
				);
				PRODUCT_BUNDLE_IDENTIFIER = "com.ca2.$(PRODUCT_NAME:rfc1034identifier)";
				PRODUCT_NAME = "$(TARGET_NAME)";
				TEST_HOST = "$(BUILT_PRODUCTS_DIR)/hello_multiverse.app/Contents/MacOS/hello_multiverse";
			};
			name = Release;
		};
/* End XCBuildConfiguration section */

/* Begin XCConfigurationList section */
		070B8EE51B6E53F900D26137 /* Build configuration list for PBXProject "app_core_vulken" */ = {
			isa = XCConfigurationList;
			buildConfigurations = (
				070B8F051B6E53FA00D26137 /* Debug */,
				070B8F061B6E53FA00D26137 /* Release */,
			);
			defaultConfigurationIsVisible = 0;
			defaultConfigurationName = Release;
		};
		070B8F071B6E53FA00D26137 /* Build configuration list for PBXNativeTarget "_app_core_vulken" */ = {
			isa = XCConfigurationList;
			buildConfigurations = (
				070B8F081B6E53FA00D26137 /* Debug */,
				070B8F091B6E53FA00D26137 /* Release */,
			);
			defaultConfigurationIsVisible = 0;
			defaultConfigurationName = Release;
		};
		070B8F0A1B6E53FA00D26137 /* Build configuration list for PBXNativeTarget "hello_multiverseTests" */ = {
			isa = XCConfigurationList;
			buildConfigurations = (
				070B8F0B1B6E53FA00D26137 /* Debug */,
				070B8F0C1B6E53FA00D26137 /* Release */,
			);
			defaultConfigurationIsVisible = 0;
			defaultConfigurationName = Release;
		};
/* End XCConfigurationList section */
	};
	rootObject = 070B8EE21B6E53F900D26137 /* Project object */;
}
