<?xml version="1.0" encoding="utf-8"?>
<Project ToolsVersion="4.0" xmlns="http://schemas.microsoft.com/developer/msbuild/2003">
  <ItemGroup>
    <Filter Include="Source Files">
      <UniqueIdentifier>{8e5d91c7-edc0-4d92-b733-aeffca5af850}</UniqueIdentifier>
    </Filter>
    <Filter Include="Header Files">
      <UniqueIdentifier>{93995380-89BD-4b04-88EB-625FBE52EBFB}</UniqueIdentifier>
      <Extensions>h;hpp;hxx;hm;inl;inc;xsd</Extensions>
    </Filter>
  </ItemGroup>
  <ItemGroup>
    <ClCompile Include="framework.cpp">
      <Filter>Source Files</Filter>
    </ClCompile>
    <ClCompile Include="_.cpp">
      <Filter>Source Files</Filter>
    </ClCompile>
    <ClCompile Include="application.cpp">
      <Filter>Source Files</Filter>
    </ClCompile>
    <ClCompile Include="buffer.cpp">
      <Filter>Source Files</Filter>
    </ClCompile>
    <ClCompile Include="camera.cpp">
      <Filter>Source Files</Filter>
    </ClCompile>
    <ClCompile Include="descriptors.cpp">
      <Filter>Source Files</Filter>
    </ClCompile>
    <ClCompile Include="device.cpp">
      <Filter>Source Files</Filter>
    </ClCompile>
    <ClCompile Include="game_object.cpp">
      <Filter>Source Files</Filter>
    </ClCompile>
    <ClCompile Include="initializers.cpp">
      <Filter>Source Files</Filter>
    </ClCompile>
    <ClCompile Include="input.cpp">
      <Filter>Source Files</Filter>
    </ClCompile>
    <ClCompile Include="model.cpp">
      <Filter>Source Files</Filter>
    </ClCompile>
    <ClCompile Include="offscreen.cpp">
      <Filter>Source Files</Filter>
    </ClCompile>
    <ClCompile Include="pipeline.cpp">
      <Filter>Source Files</Filter>
    </ClCompile>
    <ClCompile Include="render_pass.cpp">
      <Filter>Source Files</Filter>
    </ClCompile>
    <ClCompile Include="renderer.cpp">
      <Filter>Source Files</Filter>
    </ClCompile>
    <ClCompile Include="swap_chain.cpp">
      <Filter>Source Files</Filter>
    </ClCompile>
    <ClCompile Include="system_basic_render.cpp">
      <Filter>Source Files</Filter>
    </ClCompile>
    <ClCompile Include="system_point_light.cpp">
      <Filter>Source Files</Filter>
    </ClCompile>
    <ClCompile Include="window.cpp">
      <Filter>Source Files</Filter>
    </ClCompile>
  </ItemGroup>
  <ItemGroup>
    <ClInclude Include="framework.h">
      <Filter>Header Files</Filter>
    </ClInclude>
    <ClInclude Include="_.h">
      <Filter>Header Files</Filter>
    </ClInclude>
    <ClInclude Include="_vulkan.h">
      <Filter>Header Files</Filter>
    </ClInclude>
    <ClInclude Include="resource.h">
      <Filter>Header Files</Filter>
    </ClInclude>
    <ClInclude Include="aaa_vkc_types.h">
      <Filter>Header Files</Filter>
    </ClInclude>
    <ClInclude Include="aaa_window.h">
      <Filter>Header Files</Filter>
    </ClInclude>
    <ClInclude Include="application.h">
      <Filter>Header Files</Filter>
    </ClInclude>
    <ClInclude Include="buffer.h">
      <Filter>Header Files</Filter>
    </ClInclude>
    <ClInclude Include="camera.h">
      <Filter>Header Files</Filter>
    </ClInclude>
    <ClInclude Include="descriptors.h">
      <Filter>Header Files</Filter>
    </ClInclude>
    <ClInclude Include="device.h">
      <Filter>Header Files</Filter>
    </ClInclude>
    <ClInclude Include="frame_info.h">
      <Filter>Header Files</Filter>
    </ClInclude>
    <ClInclude Include="game_object.h">
      <Filter>Header Files</Filter>
    </ClInclude>
    <ClInclude Include="initializers.h">
      <Filter>Header Files</Filter>
    </ClInclude>
    <ClInclude Include="input.h">
      <Filter>Header Files</Filter>
    </ClInclude>
    <ClInclude Include="model.h">
      <Filter>Header Files</Filter>
    </ClInclude>
    <ClInclude Include="offscreen.h">
      <Filter>Header Files</Filter>
    </ClInclude>
    <ClInclude Include="pipeline.h">
      <Filter>Header Files</Filter>
    </ClInclude>
    <ClInclude Include="render_pass.h">
      <Filter>Header Files</Filter>
    </ClInclude>
    <ClInclude Include="renderer.h">
      <Filter>Header Files</Filter>
    </ClInclude>
    <ClInclude Include="swap_chain.h">
      <Filter>Header Files</Filter>
    </ClInclude>
    <ClInclude Include="system_basic_render.h">
      <Filter>Header Files</Filter>
    </ClInclude>
    <ClInclude Include="system_point_light.h">
      <Filter>Header Files</Filter>
    </ClInclude>
    <ClInclude Include="targetver.h">
      <Filter>Header Files</Filter>
    </ClInclude>
    <ClInclude Include="types.h">
      <Filter>Header Files</Filter>
    </ClInclude>
    <ClInclude Include="utilities.h">
      <Filter>Header Files</Filter>
    </ClInclude>
  </ItemGroup>
</Project>