<?xml version="1.0" encoding="utf-8"?>
<Project ToolsVersion="4.0" xmlns="http://schemas.microsoft.com/developer/msbuild/2003">
  <ItemGroup>
    <ClCompile Include="framework.cpp">
      <Filter>Source Files</Filter>
    </ClCompile>
    <ClCompile Include="_.cpp">
      <Filter>Source Files</Filter>
    </ClCompile>
    <ClCompile Include="application.cpp">
      <Filter>Source Files</Filter>
    </ClCompile>
    <ClCompile Include="document.cpp">
      <Filter>Source Files</Filter>
    </ClCompile>
    <ClCompile Include="impact.cpp">
      <Filter>Source Files</Filter>
    </ClCompile>
    <ClCompile Include="main_frame.cpp">
      <Filter>Source Files</Filter>
    </ClCompile>
    <ClCompile Include="pane_impact.cpp">
      <Filter>Source Files</Filter>
    </ClCompile>
    <ClCompile Include="application3d.cpp">
      <Filter>Source Files</Filter>
    </ClCompile>
  </ItemGroup>
  <ItemGroup>
    <ClInclude Include="application.h">
      <Filter>Header Files</Filter>
    </ClInclude>
    <ClInclude Include="document.h">
      <Filter>Header Files</Filter>
    </ClInclude>
    <ClInclude Include="impact.h">
      <Filter>Header Files</Filter>
    </ClInclude>
    <ClInclude Include="main_frame.h">
      <Filter>Header Files</Filter>
    </ClInclude>
    <ClInclude Include="resource.h">
      <Filter>Header Files</Filter>
    </ClInclude>
    <ClInclude Include="_.h">
      <Filter>Header Files</Filter>
    </ClInclude>
    <ClInclude Include="framework.h">
      <Filter>Header Files</Filter>
    </ClInclude>
    <ClInclude Include="pane_impact.h">
      <Filter>Header Files</Filter>
    </ClInclude>
    <ClInclude Include="_vulkan.h">
      <Filter>Header Files</Filter>
    </ClInclude>
    <ClInclude Include="system_point_light.h">
      <Filter>Header Files</Filter>
    </ClInclude>
    <ClInclude Include="system_basic_render.h">
      <Filter>Header Files</Filter>
    </ClInclude>
    <ClInclude Include="application3d.h">
      <Filter>Header Files</Filter>
    </ClInclude>
  </ItemGroup>
  <ItemGroup>
    <Filter Include="Source Files">
      <UniqueIdentifier>{a052d07f-5694-4a78-99d3-dd6804dc0619}</UniqueIdentifier>
    </Filter>
    <Filter Include="Header Files">
      <UniqueIdentifier>{553e2ad6-0eec-4e39-9937-6581b3f77c18}</UniqueIdentifier>
    </Filter>
  </ItemGroup>
</Project>