// !$*UTF8*$!
{
	archiveVersion = 1;
	classes = {
	};
	objectVersion = 46;
	objects = {

/* Begin PBXBuildFile section */
		0702148B1C51585800DB16A7 /* libhtml_lite.dylib in Frameworks */ = {isa = PBXBuildFile; fileRef = 070214791C51580500DB16A7 /* libhtml_lite.dylib */; };
		0702148C1C51585800DB16A7 /* libhtml.dylib in Frameworks */ = {isa = PBXBuildFile; fileRef = 070214701C51580500DB16A7 /* libhtml.dylib */; };
		0702148E1C51588200DB16A7 /* libaura.dylib in Frameworks */ = {isa = PBXBuildFile; fileRef = 07473E2F1B504F20004688C5 /* libaura.dylib */; };
		0702148F1C51589500DB16A7 /* libpcre.dylib in Frameworks */ = {isa = PBXBuildFile; fileRef = 07A51ADA1B75B7D500ACB321 /* libpcre.dylib */; };
		070276351C51741900DAFE31 /* libmath.dylib in Frameworks */ = {isa = PBXBuildFile; fileRef = 070214821C51580500DB16A7 /* libmath.dylib */; };
		070276361C51746000DAFE31 /* libaxisbzip2.dylib in Frameworks */ = {isa = PBXBuildFile; fileRef = 07108E1B1B4C9CBA00A28F80 /* libaxisbzip2.dylib */; };
		070276371C51747200DAFE31 /* libaxiszlib.dylib in Frameworks */ = {isa = PBXBuildFile; fileRef = 07108E241B4C9CBA00A28F80 /* libaxiszlib.dylib */; };
		070276381C51748000DAFE31 /* libaxisfreetype.dylib in Frameworks */ = {isa = PBXBuildFile; fileRef = 07108E211B4C9CBA00A28F80 /* libaxisfreetype.dylib */; };
		070276391C51749400DAFE31 /* libaxisfreeimage.dylib in Frameworks */ = {isa = PBXBuildFile; fileRef = 07108E1E1B4C9CBA00A28F80 /* libaxisfreeimage.dylib */; };
		070276631C5184C700DAFE31 /* libdraw2d_quartz2d.dylib in Frameworks */ = {isa = PBXBuildFile; fileRef = 07473E3F1B504F20004688C5 /* libdraw2d_quartz2d.dylib */; };
		0751C8561921A9DA0099706E /* main.mm in Sources */ = {isa = PBXBuildFile; fileRef = 0751C8551921A9DA0099706E /* main.mm */; };
		077A02091B4D5758001C85FF /* UIKit.framework in Frameworks */ = {isa = PBXBuildFile; fileRef = 077A02081B4D5758001C85FF /* UIKit.framework */; };
		078C35381921758600354453 /* InfoPlist.strings in Resources */ = {isa = PBXBuildFile; fileRef = 078C35361921758600354453 /* InfoPlist.strings */; };
		078C35401921758600354453 /* Images.xcassets in Resources */ = {isa = PBXBuildFile; fileRef = 078C353F1921758600354453 /* Images.xcassets */; };
		078C35501921758600354453 /* InfoPlist.strings in Resources */ = {isa = PBXBuildFile; fileRef = 078C354E1921758600354453 /* InfoPlist.strings */; };
		07D7437A1B503C6B00821238 /* libapp.dylib in Frameworks */ = {isa = PBXBuildFile; fileRef = 0776D1D51921740100F890ED /* libapp.dylib */; };
/* End PBXBuildFile section */

/* Begin PBXContainerItemProxy section */
		0702146D1C51580500DB16A7 /* PBXContainerItemProxy */ = {
			isa = PBXContainerItemProxy;
			containerPortal = 070214641C51580400DB16A7 /* html.xcodeproj */;
			proxyType = 2;
			remoteGlobalIDString = 9A574B9816AAB906000CC4EF;
			remoteInfo = html;
		};
		0702146F1C51580500DB16A7 /* PBXContainerItemProxy */ = {
			isa = PBXContainerItemProxy;
			containerPortal = 070214641C51580400DB16A7 /* html.xcodeproj */;
			proxyType = 2;
			remoteGlobalIDString = 07B65764190F3CA2002DAADE;
			remoteInfo = ios_html;
		};
		070214711C51580500DB16A7 /* PBXContainerItemProxy */ = {
			isa = PBXContainerItemProxy;
			containerPortal = 070214641C51580400DB16A7 /* html.xcodeproj */;
			proxyType = 2;
			remoteGlobalIDString = 07B65773190F3CA2002DAADE;
			remoteInfo = ios_htmlTests;
		};
		070214761C51580500DB16A7 /* PBXContainerItemProxy */ = {
			isa = PBXContainerItemProxy;
			containerPortal = 070214611C51580400DB16A7 /* html_lite.xcodeproj */;
			proxyType = 2;
			remoteGlobalIDString = 9A574B9816AAB906000CC4EF;
			remoteInfo = html_lite;
		};
		070214781C51580500DB16A7 /* PBXContainerItemProxy */ = {
			isa = PBXContainerItemProxy;
			containerPortal = 070214611C51580400DB16A7 /* html_lite.xcodeproj */;
			proxyType = 2;
			remoteGlobalIDString = 07B65764190F3CA2002DAADE;
			remoteInfo = ios_html_lite;
		};
		0702147A1C51580500DB16A7 /* PBXContainerItemProxy */ = {
			isa = PBXContainerItemProxy;
			containerPortal = 070214611C51580400DB16A7 /* html_lite.xcodeproj */;
			proxyType = 2;
			remoteGlobalIDString = 07B65773190F3CA2002DAADE;
			remoteInfo = math_iosTests;
		};
		0702147F1C51580500DB16A7 /* PBXContainerItemProxy */ = {
			isa = PBXContainerItemProxy;
			containerPortal = 070214671C51580400DB16A7 /* math.xcodeproj */;
			proxyType = 2;
			remoteGlobalIDString = 9A574B9816AAB906000CC4EF;
			remoteInfo = math;
		};
		070214811C51580500DB16A7 /* PBXContainerItemProxy */ = {
			isa = PBXContainerItemProxy;
			containerPortal = 070214671C51580400DB16A7 /* math.xcodeproj */;
			proxyType = 2;
			remoteGlobalIDString = 07B65764190F3CA2002DAADE;
			remoteInfo = ios_math;
		};
		070214831C51580500DB16A7 /* PBXContainerItemProxy */ = {
			isa = PBXContainerItemProxy;
			containerPortal = 070214671C51580400DB16A7 /* math.xcodeproj */;
			proxyType = 2;
			remoteGlobalIDString = 07B65773190F3CA2002DAADE;
			remoteInfo = math_iosTests;
		};
		070214851C51583800DB16A7 /* PBXContainerItemProxy */ = {
			isa = PBXContainerItemProxy;
			containerPortal = 070214611C51580400DB16A7 /* html_lite.xcodeproj */;
			proxyType = 1;
			remoteGlobalIDString = 07B65763190F3CA2002DAADE;
			remoteInfo = ios_html_lite;
		};
		070214871C51583800DB16A7 /* PBXContainerItemProxy */ = {
			isa = PBXContainerItemProxy;
			containerPortal = 070214641C51580400DB16A7 /* html.xcodeproj */;
			proxyType = 1;
			remoteGlobalIDString = 07B65763190F3CA2002DAADE;
			remoteInfo = ios_html;
		};
		070214891C51583800DB16A7 /* PBXContainerItemProxy */ = {
			isa = PBXContainerItemProxy;
			containerPortal = 070214671C51580400DB16A7 /* math.xcodeproj */;
			proxyType = 1;
			remoteGlobalIDString = 07B65763190F3CA2002DAADE;
			remoteInfo = ios_math;
		};
		070214AA1C516DEB00DB16A7 /* PBXContainerItemProxy */ = {
			isa = PBXContainerItemProxy;
			containerPortal = 07A51ACD1B75B7D400ACB321 /* aurapcre.xcodeproj */;
			proxyType = 1;
			remoteGlobalIDString = 07D6A8271B4CBB45004FEBC2;
			remoteInfo = ios_aurapcre;
		};
		070276641C51868A00DAFE31 /* PBXContainerItemProxy */ = {
			isa = PBXContainerItemProxy;
			containerPortal = 07703CAC1B6FF23C009026EA /* experience_lite.xcodeproj */;
			proxyType = 1;
			remoteGlobalIDString = 9AE24E591904CFE2001AEFFB;
			remoteInfo = ios_experience_lite;
		};
		07108A4F1B4C856B00A28F80 /* PBXContainerItemProxy */ = {
			isa = PBXContainerItemProxy;
			containerPortal = 07108A491B4C856B00A28F80 /* axis.xcodeproj */;
			proxyType = 2;
			remoteGlobalIDString = 9A98A6151771D67E000AE16E;
			remoteInfo = axis;
		};
		07108A511B4C856B00A28F80 /* PBXContainerItemProxy */ = {
			isa = PBXContainerItemProxy;
			containerPortal = 07108A491B4C856B00A28F80 /* axis.xcodeproj */;
			proxyType = 2;
			remoteGlobalIDString = 9AE24D341904CEFE001AEFFB;
			remoteInfo = axis_ios;
		};
		07108A531B4C856B00A28F80 /* PBXContainerItemProxy */ = {
			isa = PBXContainerItemProxy;
			containerPortal = 07108A491B4C856B00A28F80 /* axis.xcodeproj */;
			proxyType = 2;
			remoteGlobalIDString = 9AE24D431904CEFE001AEFFB;
			remoteInfo = axis_iosTests;
		};
		07108A591B4C857F00A28F80 /* PBXContainerItemProxy */ = {
			isa = PBXContainerItemProxy;
			containerPortal = 07108A551B4C857E00A28F80 /* axisbzip2.xcodeproj */;
			proxyType = 2;
			remoteGlobalIDString = 9AEEADFD19C4FBC700866C9E;
			remoteInfo = axisbzip2;
		};
		07108A5F1B4C858A00A28F80 /* PBXContainerItemProxy */ = {
			isa = PBXContainerItemProxy;
			containerPortal = 07108A5B1B4C858A00A28F80 /* axisfreeimage.xcodeproj */;
			proxyType = 2;
			remoteGlobalIDString = 9AEEB48E19C5084900866C9E;
			remoteInfo = axisfreeimage;
		};
		07108A651B4C859900A28F80 /* PBXContainerItemProxy */ = {
			isa = PBXContainerItemProxy;
			containerPortal = 07108A611B4C859800A28F80 /* axisfreetype.xcodeproj */;
			proxyType = 2;
			remoteGlobalIDString = 9AEEB49119C5088600866C9E;
			remoteInfo = axisfreetype;
		};
		07108A6B1B4C85B300A28F80 /* PBXContainerItemProxy */ = {
			isa = PBXContainerItemProxy;
			containerPortal = 07108A671B4C85B300A28F80 /* axiszlib.xcodeproj */;
			proxyType = 2;
			remoteGlobalIDString = 9AA5E6D616F7C61B005C45CE;
			remoteInfo = axiszlib;
		};
		07108A891B4C954F00A28F80 /* PBXContainerItemProxy */ = {
			isa = PBXContainerItemProxy;
			containerPortal = 07108A491B4C856B00A28F80 /* axis.xcodeproj */;
			proxyType = 1;
			remoteGlobalIDString = 9AE24D331904CEFE001AEFFB;
			remoteInfo = axis_ios;
		};
		07108AEA1B4C967700A28F80 /* PBXContainerItemProxy */ = {
			isa = PBXContainerItemProxy;
			containerPortal = 07108AE41B4C967700A28F80 /* aura.xcodeproj */;
			proxyType = 2;
			remoteGlobalIDString = 9A98A6151771D67E000AE16E;
			remoteInfo = aura;
		};
		07108AEE1B4C967700A28F80 /* PBXContainerItemProxy */ = {
			isa = PBXContainerItemProxy;
			containerPortal = 07108AE41B4C967700A28F80 /* aura.xcodeproj */;
			proxyType = 2;
			remoteGlobalIDString = 9AE24D431904CEFE001AEFFB;
			remoteInfo = aura_iosTests;
		};
		07108E011B4C9CBA00A28F80 /* PBXContainerItemProxy */ = {
			isa = PBXContainerItemProxy;
			containerPortal = 07108AE41B4C967700A28F80 /* aura.xcodeproj */;
			proxyType = 1;
			remoteGlobalIDString = 077A05B41B4D7403001C85FF;
			remoteInfo = aura_ios;
		};
		07108E031B4C9CBA00A28F80 /* PBXContainerItemProxy */ = {
			isa = PBXContainerItemProxy;
			containerPortal = 07108A551B4C857E00A28F80 /* axisbzip2.xcodeproj */;
			proxyType = 1;
			remoteGlobalIDString = 07108B5C1B4C97C600A28F80;
			remoteInfo = axisbzip2_ios;
		};
		07108E051B4C9CBA00A28F80 /* PBXContainerItemProxy */ = {
			isa = PBXContainerItemProxy;
			containerPortal = 07108A551B4C857E00A28F80 /* axisbzip2.xcodeproj */;
			proxyType = 1;
			remoteGlobalIDString = 07108B5C1B4C97C600A28F80;
			remoteInfo = axisbzip2_ios;
		};
		07108E071B4C9CBA00A28F80 /* PBXContainerItemProxy */ = {
			isa = PBXContainerItemProxy;
			containerPortal = 07108A671B4C85B300A28F80 /* axiszlib.xcodeproj */;
			proxyType = 1;
			remoteGlobalIDString = 07108CE31B4C97EF00A28F80;
			remoteInfo = axiszlib_ios;
		};
		07108E091B4C9CBA00A28F80 /* PBXContainerItemProxy */ = {
			isa = PBXContainerItemProxy;
			containerPortal = 07108A671B4C85B300A28F80 /* axiszlib.xcodeproj */;
			proxyType = 1;
			remoteGlobalIDString = 07108CE31B4C97EF00A28F80;
			remoteInfo = axiszlib_ios;
		};
		07108E0B1B4C9CBA00A28F80 /* PBXContainerItemProxy */ = {
			isa = PBXContainerItemProxy;
			containerPortal = 07108A671B4C85B300A28F80 /* axiszlib.xcodeproj */;
			proxyType = 1;
			remoteGlobalIDString = 07108CE31B4C97EF00A28F80;
			remoteInfo = axiszlib_ios;
		};
		07108E0D1B4C9CBA00A28F80 /* PBXContainerItemProxy */ = {
			isa = PBXContainerItemProxy;
			containerPortal = 07108A551B4C857E00A28F80 /* axisbzip2.xcodeproj */;
			proxyType = 1;
			remoteGlobalIDString = 07108B5C1B4C97C600A28F80;
			remoteInfo = axisbzip2_ios;
		};
		07108E0F1B4C9CBA00A28F80 /* PBXContainerItemProxy */ = {
			isa = PBXContainerItemProxy;
			containerPortal = 07108A671B4C85B300A28F80 /* axiszlib.xcodeproj */;
			proxyType = 1;
			remoteGlobalIDString = 07108CE31B4C97EF00A28F80;
			remoteInfo = axiszlib_ios;
		};
		07108E111B4C9CBA00A28F80 /* PBXContainerItemProxy */ = {
			isa = PBXContainerItemProxy;
			containerPortal = 07108A551B4C857E00A28F80 /* axisbzip2.xcodeproj */;
			proxyType = 1;
			remoteGlobalIDString = 07108B5C1B4C97C600A28F80;
			remoteInfo = axisbzip2_ios;
		};
		07108E131B4C9CBA00A28F80 /* PBXContainerItemProxy */ = {
			isa = PBXContainerItemProxy;
			containerPortal = 07108A551B4C857E00A28F80 /* axisbzip2.xcodeproj */;
			proxyType = 1;
			remoteGlobalIDString = 07108B5C1B4C97C600A28F80;
			remoteInfo = axisbzip2_ios;
		};
		07108E151B4C9CBA00A28F80 /* PBXContainerItemProxy */ = {
			isa = PBXContainerItemProxy;
			containerPortal = 07108A551B4C857E00A28F80 /* axisbzip2.xcodeproj */;
			proxyType = 1;
			remoteGlobalIDString = 07108B5C1B4C97C600A28F80;
			remoteInfo = axisbzip2_ios;
		};
		07108E171B4C9CBA00A28F80 /* PBXContainerItemProxy */ = {
			isa = PBXContainerItemProxy;
			containerPortal = 07108A671B4C85B300A28F80 /* axiszlib.xcodeproj */;
			proxyType = 1;
			remoteGlobalIDString = 07108CE31B4C97EF00A28F80;
			remoteInfo = axiszlib_ios;
		};
		07108E1A1B4C9CBA00A28F80 /* PBXContainerItemProxy */ = {
			isa = PBXContainerItemProxy;
			containerPortal = 07108A551B4C857E00A28F80 /* axisbzip2.xcodeproj */;
			proxyType = 2;
			remoteGlobalIDString = 07108B6E1B4C97C600A28F80;
			remoteInfo = axisbzip2_ios;
		};
		07108E1D1B4C9CBA00A28F80 /* PBXContainerItemProxy */ = {
			isa = PBXContainerItemProxy;
			containerPortal = 07108A5B1B4C858A00A28F80 /* axisfreeimage.xcodeproj */;
			proxyType = 2;
			remoteGlobalIDString = 07108BD71B4C97D500A28F80;
			remoteInfo = axisfreeimage_ios;
		};
		07108E201B4C9CBA00A28F80 /* PBXContainerItemProxy */ = {
			isa = PBXContainerItemProxy;
			containerPortal = 07108A611B4C859800A28F80 /* axisfreetype.xcodeproj */;
			proxyType = 2;
			remoteGlobalIDString = 07108CDC1B4C97E300A28F80;
			remoteInfo = axisfreetype_ios;
		};
		07108E231B4C9CBA00A28F80 /* PBXContainerItemProxy */ = {
			isa = PBXContainerItemProxy;
			containerPortal = 07108A671B4C85B300A28F80 /* axiszlib.xcodeproj */;
			proxyType = 2;
			remoteGlobalIDString = 07108D041B4C97EF00A28F80;
			remoteInfo = axiszlib_ios;
		};
		07108E251B4C9CD400A28F80 /* PBXContainerItemProxy */ = {
			isa = PBXContainerItemProxy;
			containerPortal = 07108A5B1B4C858A00A28F80 /* axisfreeimage.xcodeproj */;
			proxyType = 1;
			remoteGlobalIDString = 07108B6F1B4C97D500A28F80;
			remoteInfo = axisfreeimage_ios;
		};
		07108E271B4C9CDA00A28F80 /* PBXContainerItemProxy */ = {
			isa = PBXContainerItemProxy;
			containerPortal = 07108A611B4C859800A28F80 /* axisfreetype.xcodeproj */;
			proxyType = 1;
			remoteGlobalIDString = 07108BDA1B4C97E300A28F80;
			remoteInfo = axisfreetype_ios;
		};
		07473E261B504F20004688C5 /* PBXContainerItemProxy */ = {
			isa = PBXContainerItemProxy;
			containerPortal = 07F502DA1918E4940079A8D9 /* app_core_hellomultiverse.xcodeproj */;
			proxyType = 1;
			remoteGlobalIDString = 9AE24E891904CFFD001AEFFB;
			remoteInfo = ios_app_core_hellomultiverse;
		};
		07473E2E1B504F20004688C5 /* PBXContainerItemProxy */ = {
			isa = PBXContainerItemProxy;
			containerPortal = 07108AE41B4C967700A28F80 /* aura.xcodeproj */;
			proxyType = 2;
			remoteGlobalIDString = 077A080B1B4D7403001C85FF;
			remoteInfo = ios_aura;
		};
		07473E3E1B504F20004688C5 /* PBXContainerItemProxy */ = {
			isa = PBXContainerItemProxy;
			containerPortal = 07E25E6D1B4FFA2B00752DE1 /* draw2d_quartz2d.xcodeproj */;
			proxyType = 2;
			remoteGlobalIDString = 07E25F501B4FFC2100752DE1;
			remoteInfo = ios_draw2d_quartz2d;
		};
		07557AD71B4D7F3E0065594B /* PBXContainerItemProxy */ = {
			isa = PBXContainerItemProxy;
			containerPortal = 0776D1CF1921740100F890ED /* app.xcodeproj */;
			proxyType = 2;
			remoteGlobalIDString = 078C3591192175CA00354453;
			remoteInfo = appTests;
		};
		07557C341B4D94410065594B /* PBXContainerItemProxy */ = {
			isa = PBXContainerItemProxy;
			containerPortal = 0776D1CF1921740100F890ED /* app.xcodeproj */;
			proxyType = 1;
			remoteGlobalIDString = 078C3583192175C900354453;
			remoteInfo = app;
		};
		07703CC51B6FF23D009026EA /* PBXContainerItemProxy */ = {
			isa = PBXContainerItemProxy;
			containerPortal = 07703CAC1B6FF23C009026EA /* experience_lite.xcodeproj */;
			proxyType = 2;
			remoteGlobalIDString = 9AEB75F416F78EDC0085103B;
			remoteInfo = experience_lite;
		};
		07703CC71B6FF23D009026EA /* PBXContainerItemProxy */ = {
			isa = PBXContainerItemProxy;
			containerPortal = 07703CAC1B6FF23C009026EA /* experience_lite.xcodeproj */;
			proxyType = 2;
			remoteGlobalIDString = 9AE24E5A1904CFE2001AEFFB;
			remoteInfo = ios_experience_lite;
		};
		07703CC91B6FF23D009026EA /* PBXContainerItemProxy */ = {
			isa = PBXContainerItemProxy;
			containerPortal = 07703CAC1B6FF23C009026EA /* experience_lite.xcodeproj */;
			proxyType = 2;
			remoteGlobalIDString = 9AE24E691904CFE2001AEFFB;
			remoteInfo = experience_lite_iosTests;
		};
		0776D1D41921740100F890ED /* PBXContainerItemProxy */ = {
			isa = PBXContainerItemProxy;
			containerPortal = 0776D1CF1921740100F890ED /* app.xcodeproj */;
			proxyType = 2;
			remoteGlobalIDString = 9AE24EC01904E95E001AEFFB;
			remoteInfo = app;
		};
		078C35491921758600354453 /* PBXContainerItemProxy */ = {
			isa = PBXContainerItemProxy;
			containerPortal = 9A5752A916AAE1D2000CC4EF /* Project object */;
			proxyType = 1;
			remoteGlobalIDString = 078C352E1921758500354453;
			remoteInfo = wiosapp_core_hellomultiverse;
		};
		07A51AD71B75B7D500ACB321 /* PBXContainerItemProxy */ = {
			isa = PBXContainerItemProxy;
			containerPortal = 07A51ACD1B75B7D400ACB321 /* aurapcre.xcodeproj */;
			proxyType = 2;
			remoteGlobalIDString = 9AA539B119B763C400B9F861;
			remoteInfo = aurapcre;
		};
		07A51AD91B75B7D500ACB321 /* PBXContainerItemProxy */ = {
			isa = PBXContainerItemProxy;
			containerPortal = 07A51ACD1B75B7D400ACB321 /* aurapcre.xcodeproj */;
			proxyType = 2;
			remoteGlobalIDString = 07D6A8471B4CBB45004FEBC2;
			remoteInfo = ios_aurapcre;
		};
		07E25E2A1B4FF98000752DE1 /* PBXContainerItemProxy */ = {
			isa = PBXContainerItemProxy;
			containerPortal = 9AA6A4571907B5F0000A1F4A /* base.xcodeproj */;
			proxyType = 2;
			remoteGlobalIDString = 9A98A6151771D67E000AE16E;
			remoteInfo = base;
		};
		07E25E2C1B4FF98000752DE1 /* PBXContainerItemProxy */ = {
			isa = PBXContainerItemProxy;
			containerPortal = 9AA6A4571907B5F0000A1F4A /* base.xcodeproj */;
			proxyType = 2;
			remoteGlobalIDString = 9AE24D341904CEFE001AEFFB;
			remoteInfo = base_ios;
		};
		07E25E2E1B4FF98000752DE1 /* PBXContainerItemProxy */ = {
			isa = PBXContainerItemProxy;
			containerPortal = 9AA6A4571907B5F0000A1F4A /* base.xcodeproj */;
			proxyType = 2;
			remoteGlobalIDString = 9AE24D431904CEFE001AEFFB;
			remoteInfo = base_iosTests;
		};
		07E25E331B4FF98000752DE1 /* PBXContainerItemProxy */ = {
			isa = PBXContainerItemProxy;
			containerPortal = 9AA6A4871907B628000A1F4A /* aura.xcodeproj */;
			proxyType = 2;
			remoteGlobalIDString = 9A19A1A519C6F50B0018DF7D;
			remoteInfo = aura;
		};
		07E25E351B4FF98000752DE1 /* PBXContainerItemProxy */ = {
			isa = PBXContainerItemProxy;
			containerPortal = 9AA6A4871907B628000A1F4A /* aura.xcodeproj */;
			proxyType = 2;
			remoteGlobalIDString = 9AE24DDC1904CF6E001AEFFB;
			remoteInfo = core_ios;
		};
		07E25E371B4FF98000752DE1 /* PBXContainerItemProxy */ = {
			isa = PBXContainerItemProxy;
			containerPortal = 9AA6A4871907B628000A1F4A /* aura.xcodeproj */;
			proxyType = 2;
			remoteGlobalIDString = 9AE24DEB1904CF6E001AEFFB;
			remoteInfo = core_iosTests;
		};
		07E25E731B4FFA2B00752DE1 /* PBXContainerItemProxy */ = {
			isa = PBXContainerItemProxy;
			containerPortal = 07E25E6D1B4FFA2B00752DE1 /* draw2d_quartz2d.xcodeproj */;
			proxyType = 2;
			remoteGlobalIDString = A1CFD778154F5EAA007447E2;
			remoteInfo = draw2d_quartz2d;
		};
		07E25E771B4FFA2B00752DE1 /* PBXContainerItemProxy */ = {
			isa = PBXContainerItemProxy;
			containerPortal = 07E25E6D1B4FFA2B00752DE1 /* draw2d_quartz2d.xcodeproj */;
			proxyType = 2;
			remoteGlobalIDString = 9AE24E151904CF99001AEFFB;
			remoteInfo = draw2d_quartz2d_iosTests;
		};
		07E25F251B4FFB1800752DE1 /* PBXContainerItemProxy */ = {
			isa = PBXContainerItemProxy;
			containerPortal = 07E25E6D1B4FFA2B00752DE1 /* draw2d_quartz2d.xcodeproj */;
			proxyType = 1;
			remoteGlobalIDString = 07E25F291B4FFC2100752DE1;
			remoteInfo = draw2d_quartz2d_ios;
		};
		07EDC3511B4ED13500AF8928 /* PBXContainerItemProxy */ = {
			isa = PBXContainerItemProxy;
			containerPortal = 07F502DA1918E4940079A8D9 /* app_core_hellomultiverse.xcodeproj */;
			proxyType = 2;
			remoteGlobalIDString = 9AEB75A316F78DF10085103B;
			remoteInfo = app_core_hellomultiverse;
		};
		07EDC3531B4ED13500AF8928 /* PBXContainerItemProxy */ = {
			isa = PBXContainerItemProxy;
			containerPortal = 07F502DA1918E4940079A8D9 /* app_core_hellomultiverse.xcodeproj */;
			proxyType = 2;
			remoteGlobalIDString = 9AE24E8A1904CFFD001AEFFB;
			remoteInfo = app_core_hellomultiverse_ios;
		};
		07EDC3551B4ED13500AF8928 /* PBXContainerItemProxy */ = {
			isa = PBXContainerItemProxy;
			containerPortal = 07F502DA1918E4940079A8D9 /* app_core_hellomultiverse.xcodeproj */;
			proxyType = 2;
			remoteGlobalIDString = 9AE24E991904CFFD001AEFFB;
			remoteInfo = app_core_hellomultiverse_iosTests;
		};
/* End PBXContainerItemProxy section */

/* Begin PBXFileReference section */
		070214611C51580400DB16A7 /* html_lite.xcodeproj */ = {isa = PBXFileReference; lastKnownFileType = "wrapper.pb-project"; name = html_lite.xcodeproj; path = ../../app/axis/html_lite/html_lite.xcodeproj; sourceTree = SOURCE_ROOT; };
		070214641C51580400DB16A7 /* html.xcodeproj */ = {isa = PBXFileReference; lastKnownFileType = "wrapper.pb-project"; name = html.xcodeproj; path = ../../app/html/html.xcodeproj; sourceTree = SOURCE_ROOT; };
		070214671C51580400DB16A7 /* math.xcodeproj */ = {isa = PBXFileReference; lastKnownFileType = "wrapper.pb-project"; name = math.xcodeproj; path = ../../app/math/math.xcodeproj; sourceTree = SOURCE_ROOT; };
		070214901C51589500DB16A7 /* libauracharguess.dylib */ = {isa = PBXFileReference; lastKnownFileType = "compiled.mach-o.dylib"; name = libauracharguess.dylib; path = "../../app/aura/charguess/build/Debug-iphoneos/libauracharguess.dylib"; sourceTree = "<group>"; };
		070214911C51589500DB16A7 /* libaurasqlite.dylib */ = {isa = PBXFileReference; lastKnownFileType = "compiled.mach-o.dylib"; name = libaurasqlite.dylib; path = "../../app/aura/sqlite/build/Debug-iphoneos/libaurasqlite.dylib"; sourceTree = "<group>"; };
		070276151C5173FF00DAFE31 /* libauracharguess.dylib */ = {isa = PBXFileReference; lastKnownFileType = "compiled.mach-o.dylib"; name = libauracharguess.dylib; path = "../../app/aura/charguess/build/Debug-iphoneos/libauracharguess.dylib"; sourceTree = "<group>"; };
		070276161C5173FF00DAFE31 /* libaurasqlite.dylib */ = {isa = PBXFileReference; lastKnownFileType = "compiled.mach-o.dylib"; name = libaurasqlite.dylib; path = "../../app/aura/sqlite/build/Debug-iphoneos/libaurasqlite.dylib"; sourceTree = "<group>"; };
		07108A491B4C856B00A28F80 /* axis.xcodeproj */ = {isa = PBXFileReference; lastKnownFileType = "wrapper.pb-project"; name = axis.xcodeproj; path = ../../app/axis/axis.xcodeproj; sourceTree = SOURCE_ROOT; };
		07108A551B4C857E00A28F80 /* axisbzip2.xcodeproj */ = {isa = PBXFileReference; lastKnownFileType = "wrapper.pb-project"; name = axisbzip2.xcodeproj; path = ../../app/axis/bzip2/axisbzip2.xcodeproj; sourceTree = SOURCE_ROOT; };
		07108A5B1B4C858A00A28F80 /* axisfreeimage.xcodeproj */ = {isa = PBXFileReference; lastKnownFileType = "wrapper.pb-project"; name = axisfreeimage.xcodeproj; path = ../../app/axis/freeimage/axisfreeimage.xcodeproj; sourceTree = SOURCE_ROOT; };
		07108A611B4C859800A28F80 /* axisfreetype.xcodeproj */ = {isa = PBXFileReference; lastKnownFileType = "wrapper.pb-project"; name = axisfreetype.xcodeproj; path = ../../app/axis/freetype/axisfreetype.xcodeproj; sourceTree = SOURCE_ROOT; };
		07108A671B4C85B300A28F80 /* axiszlib.xcodeproj */ = {isa = PBXFileReference; lastKnownFileType = "wrapper.pb-project"; name = axiszlib.xcodeproj; path = ../../app/axis/zlib/axiszlib.xcodeproj; sourceTree = SOURCE_ROOT; };
		07108AE41B4C967700A28F80 /* aura.xcodeproj */ = {isa = PBXFileReference; lastKnownFileType = "wrapper.pb-project"; name = aura.xcodeproj; path = ../../app/aura/.xcodeproj; sourceTree = SOURCE_ROOT; };
		0751C8551921A9DA0099706E /* main.mm */ = {isa = PBXFileReference; fileEncoding = 4; lastKnownFileType = sourcecode.cpp.objcpp; path = main.mm; sourceTree = SOURCE_ROOT; };
		07703CAC1B6FF23C009026EA /* experience_lite.xcodeproj */ = {isa = PBXFileReference; lastKnownFileType = "wrapper.pb-project"; name = experience_lite.xcodeproj; path = "../../app/experience_lite/experience_lite.xcodeproj"; sourceTree = SOURCE_ROOT; };
		0776D1CF1921740100F890ED /* app.xcodeproj */ = {isa = PBXFileReference; lastKnownFileType = "wrapper.pb-project"; name = app.xcodeproj; path = ../../../platform/app/app.xcodeproj; sourceTree = SOURCE_ROOT; };
		077A02081B4D5758001C85FF /* UIKit.framework */ = {isa = PBXFileReference; lastKnownFileType = wrapper.framework; name = UIKit.framework; path = System/Library/Frameworks/UIKit.framework; sourceTree = SDKROOT; };
		078C352F1921758500354453 /* ios_app_core_hellomultiverse.app */ = {isa = PBXFileReference; explicitFileType = wrapper.application; includeInIndex = 0; path = ios_app_core_hellomultiverse.app; sourceTree = BUILT_PRODUCTS_DIR; };
		078C35351921758600354453 /* wiosapp_core_hellomultiverse-Info.plist */ = {isa = PBXFileReference; lastKnownFileType = text.plist.xml; path = "wiosapp_core_hellomultiverse-Info.plist"; sourceTree = "<group>"; };
		078C35371921758600354453 /* en */ = {isa = PBXFileReference; lastKnownFileType = text.plist.strings; name = en; path = en.lproj/InfoPlist.strings; sourceTree = "<group>"; };
		078C353F1921758600354453 /* Images.xcassets */ = {isa = PBXFileReference; lastKnownFileType = folder.assetcatalog; path = Images.xcassets; sourceTree = "<group>"; };
		078C35451921758600354453 /* ios_app_core_hellomultiverseTests.xctest */ = {isa = PBXFileReference; explicitFileType = wrapper.cfbundle; includeInIndex = 0; path = ios_app_core_hellomultiverseTests.xctest; sourceTree = BUILT_PRODUCTS_DIR; };
		078C354D1921758600354453 /* wiosapp_core_hellomultiverseTests-Info.plist */ = {isa = PBXFileReference; lastKnownFileType = text.plist.xml; path = "wiosapp_core_hellomultiverseTests-Info.plist"; sourceTree = "<group>"; };
		078C354F1921758600354453 /* en */ = {isa = PBXFileReference; lastKnownFileType = text.plist.strings; name = en; path = en.lproj/InfoPlist.strings; sourceTree = "<group>"; };
		078C35511921758600354453 /* wiosapp_core_hellomultiverseTests.m */ = {isa = PBXFileReference; lastKnownFileType = sourcecode.c.objc; path = wiosapp_core_hellomultiverseTests.m; sourceTree = "<group>"; };
		07A51ACD1B75B7D400ACB321 /* aurapcre.xcodeproj */ = {isa = PBXFileReference; lastKnownFileType = "wrapper.pb-project"; name = aurapcre.xcodeproj; path = ../../app/aura/pcre/aurapcre.xcodeproj; sourceTree = SOURCE_ROOT; };
		07B5903518866047002C6FEC /* CoreFoundation.framework */ = {isa = PBXFileReference; lastKnownFileType = wrapper.framework; name = CoreFoundation.framework; path = System/Library/Frameworks/CoreFoundation.framework; sourceTree = SDKROOT; };
		07E25E6D1B4FFA2B00752DE1 /* draw2d_quartz2d.xcodeproj */ = {isa = PBXFileReference; lastKnownFileType = "wrapper.pb-project"; name = draw2d_quartz2d.xcodeproj; path = ../../app/draw2d_quartz2d/draw2d_quartz2d.xcodeproj; sourceTree = SOURCE_ROOT; };
		07F502DA1918E4940079A8D9 /* app_core_hellomultiverse.xcodeproj */ = {isa = PBXFileReference; lastKnownFileType = "wrapper.pb-project"; path = app_core_hellomultiverse.xcodeproj; sourceTree = SOURCE_ROOT; };
		9A5752B916AAE1D2000CC4EF /* AppKit.framework */ = {isa = PBXFileReference; lastKnownFileType = wrapper.framework; name = AppKit.framework; path = System/Library/Frameworks/AppKit.framework; sourceTree = SDKROOT; };
		9A5752BA16AAE1D2000CC4EF /* CoreData.framework */ = {isa = PBXFileReference; lastKnownFileType = wrapper.framework; name = CoreData.framework; path = System/Library/Frameworks/CoreData.framework; sourceTree = SDKROOT; };
		9A5752BB16AAE1D2000CC4EF /* Foundation.framework */ = {isa = PBXFileReference; lastKnownFileType = wrapper.framework; name = Foundation.framework; path = System/Library/Frameworks/Foundation.framework; sourceTree = SDKROOT; };
		9AA6A4571907B5F0000A1F4A /* base.xcodeproj */ = {isa = PBXFileReference; lastKnownFileType = "wrapper.pb-project"; name = base.xcodeproj; path = ../../app/base/base.xcodeproj; sourceTree = SOURCE_ROOT; };
		9AA6A4871907B628000A1F4A /* aura.xcodeproj */ = {isa = PBXFileReference; lastKnownFileType = "wrapper.pb-project"; name = aura.xcodeproj; path = ../../app/aura/.xcodeproj; sourceTree = SOURCE_ROOT; };
		9AE24EC31904E95E001AEFFB /* CoreGraphics.framework */ = {isa = PBXFileReference; lastKnownFileType = wrapper.framework; name = CoreGraphics.framework; path = System/Library/Frameworks/CoreGraphics.framework; sourceTree = SDKROOT; };
/* End PBXFileReference section */

/* Begin PBXFrameworksBuildPhase section */
		078C352C1921758500354453 /* Frameworks */ = {
			isa = PBXFrameworksBuildPhase;
			buildActionMask = 2147483647;
			files = (
				070276631C5184C700DAFE31 /* libdraw2d_quartz2d.dylib in Frameworks */,
				070276391C51749400DAFE31 /* libaxisfreeimage.dylib in Frameworks */,
				070276381C51748000DAFE31 /* libaxisfreetype.dylib in Frameworks */,
				070276371C51747200DAFE31 /* libaxiszlib.dylib in Frameworks */,
				070276361C51746000DAFE31 /* libaxisbzip2.dylib in Frameworks */,
				070276351C51741900DAFE31 /* libmath.dylib in Frameworks */,
				0702148F1C51589500DB16A7 /* libpcre.dylib in Frameworks */,
				0702148E1C51588200DB16A7 /* libaura.dylib in Frameworks */,
				0702148B1C51585800DB16A7 /* libhtml_lite.dylib in Frameworks */,
				0702148C1C51585800DB16A7 /* libhtml.dylib in Frameworks */,
				077A02091B4D5758001C85FF /* UIKit.framework in Frameworks */,
				07D7437A1B503C6B00821238 /* libapp.dylib in Frameworks */,
			);
			runOnlyForDeploymentPostprocessing = 0;
		};
		078C35421921758600354453 /* Frameworks */ = {
			isa = PBXFrameworksBuildPhase;
			buildActionMask = 2147483647;
			files = (
			);
			runOnlyForDeploymentPostprocessing = 0;
		};
/* End PBXFrameworksBuildPhase section */

/* Begin PBXGroup section */
		070214621C51580400DB16A7 /* Products */ = {
			isa = PBXGroup;
			children = (
				070214771C51580500DB16A7 /* libhtml_lite.dylib */,
				070214791C51580500DB16A7 /* libhtml_lite.dylib */,
				0702147B1C51580500DB16A7 /* math_iosTests.xctest */,
			);
			name = Products;
			sourceTree = "<group>";
		};
		070214651C51580400DB16A7 /* Products */ = {
			isa = PBXGroup;
			children = (
				0702146E1C51580500DB16A7 /* libhtml.dylib */,
				070214701C51580500DB16A7 /* libhtml.dylib */,
				070214721C51580500DB16A7 /* ios_htmlTests.xctest */,
			);
			name = Products;
			sourceTree = "<group>";
		};
		070214681C51580400DB16A7 /* Products */ = {
			isa = PBXGroup;
			children = (
				070214801C51580500DB16A7 /* libmath.dylib */,
				070214821C51580500DB16A7 /* libmath.dylib */,
				070214841C51580500DB16A7 /* math_iosTests.xctest */,
			);
			name = Products;
			sourceTree = "<group>";
		};
		07108A4A1B4C856B00A28F80 /* Products */ = {
			isa = PBXGroup;
			children = (
				07108A501B4C856B00A28F80 /* libaxis.dylib */,
				07108A521B4C856B00A28F80 /* libaxis.dylib */,
				07108A541B4C856B00A28F80 /* axis_iosTests.xctest */,
			);
			name = Products;
			sourceTree = "<group>";
		};
		07108A561B4C857E00A28F80 /* Products */ = {
			isa = PBXGroup;
			children = (
				07108A5A1B4C857F00A28F80 /* libaxisbzip2.dylib */,
				07108E1B1B4C9CBA00A28F80 /* libaxisbzip2.dylib */,
			);
			name = Products;
			sourceTree = "<group>";
		};
		07108A5C1B4C858A00A28F80 /* Products */ = {
			isa = PBXGroup;
			children = (
				07108A601B4C858A00A28F80 /* libaxisfreeimage.dylib */,
				07108E1E1B4C9CBA00A28F80 /* libaxisfreeimage.dylib */,
			);
			name = Products;
			sourceTree = "<group>";
		};
		07108A621B4C859800A28F80 /* Products */ = {
			isa = PBXGroup;
			children = (
				07108A661B4C859900A28F80 /* libaxisfreetype.dylib */,
				07108E211B4C9CBA00A28F80 /* libaxisfreetype.dylib */,
			);
			name = Products;
			sourceTree = "<group>";
		};
		07108A681B4C85B300A28F80 /* Products */ = {
			isa = PBXGroup;
			children = (
				07108A6C1B4C85B300A28F80 /* libaxiszlib.dylib */,
				07108E241B4C9CBA00A28F80 /* libaxiszlib.dylib */,
			);
			name = Products;
			sourceTree = "<group>";
		};
		07108AE51B4C967700A28F80 /* Products */ = {
			isa = PBXGroup;
			children = (
				07108AEB1B4C967700A28F80 /* libaura.dylib */,
				07473E2F1B504F20004688C5 /* libaura.dylib */,
				07108AEF1B4C967700A28F80 /* aura_iosTests.xctest */,
			);
			name = Products;
			sourceTree = "<group>";
		};
		07703CAD1B6FF23C009026EA /* Products */ = {
			isa = PBXGroup;
			children = (
				07703CC61B6FF23D009026EA /* libexperience_lite.dylib */,
				07703CC81B6FF23D009026EA /* libexperience_lite.a */,
				07703CCA1B6FF23D009026EA /* experience_lite_iosTests.xctest */,
			);
			name = Products;
			sourceTree = "<group>";
		};
		0776D1D01921740100F890ED /* Products */ = {
			isa = PBXGroup;
			children = (
				0776D1D51921740100F890ED /* libapp.dylib */,
				07557AD81B4D7F3E0065594B /* appTests.xctest */,
			);
			name = Products;
			sourceTree = "<group>";
		};
		078C35331921758500354453 /* wiosapp_core_hellomultiverse */ = {
			isa = PBXGroup;
			children = (
				0751C8551921A9DA0099706E /* main.mm */,
				078C353F1921758600354453 /* Images.xcassets */,
				078C35341921758600354453 /* Supporting Files */,
			);
			path = wiosapp_core_hellomultiverse;
			sourceTree = "<group>";
		};
		078C35341921758600354453 /* Supporting Files */ = {
			isa = PBXGroup;
			children = (
				078C35351921758600354453 /* wiosapp_core_hellomultiverse-Info.plist */,
				078C35361921758600354453 /* InfoPlist.strings */,
			);
			name = "Supporting Files";
			sourceTree = "<group>";
		};
		078C354B1921758600354453 /* wiosapp_core_hellomultiverseTests */ = {
			isa = PBXGroup;
			children = (
				078C35511921758600354453 /* wiosapp_core_hellomultiverseTests.m */,
				078C354C1921758600354453 /* Supporting Files */,
			);
			path = wiosapp_core_hellomultiverseTests;
			sourceTree = "<group>";
		};
		078C354C1921758600354453 /* Supporting Files */ = {
			isa = PBXGroup;
			children = (
				078C354D1921758600354453 /* wiosapp_core_hellomultiverseTests-Info.plist */,
				078C354E1921758600354453 /* InfoPlist.strings */,
			);
			name = "Supporting Files";
			sourceTree = "<group>";
		};
		07A51ACE1B75B7D400ACB321 /* Products */ = {
			isa = PBXGroup;
			children = (
				07A51AD81B75B7D500ACB321 /* libpcre.dylib */,
				07A51ADA1B75B7D500ACB321 /* libpcre.dylib */,
			);
			name = Products;
			sourceTree = "<group>";
		};
		07E25E171B4FF98000752DE1 /* Products */ = {
			isa = PBXGroup;
			children = (
				07E25E2B1B4FF98000752DE1 /* libbase.dylib */,
				07E25E2D1B4FF98000752DE1 /* libbase.dylib */,
				07E25E2F1B4FF98000752DE1 /* base_iosTests.xctest */,
			);
			name = Products;
			sourceTree = "<group>";
		};
		07E25E191B4FF98000752DE1 /* Products */ = {
			isa = PBXGroup;
			children = (
				07E25E341B4FF98000752DE1 /* libcore.dylib */,
				07E25E361B4FF98000752DE1 /* libcore.dylib */,
				07E25E381B4FF98000752DE1 /* core_iosTests.xctest */,
			);
			name = Products;
			sourceTree = "<group>";
		};
		07E25E6E1B4FFA2B00752DE1 /* Products */ = {
			isa = PBXGroup;
			children = (
				07E25E741B4FFA2B00752DE1 /* libdraw2d_quartz2d.dylib */,
				07473E3F1B504F20004688C5 /* libdraw2d_quartz2d.dylib */,
				07E25E781B4FFA2B00752DE1 /* draw2d_quartz2d_iosTests.xctest */,
			);
			name = Products;
			sourceTree = "<group>";
		};
		07EDC3481B4ED13500AF8928 /* Products */ = {
			isa = PBXGroup;
			children = (
				07EDC3521B4ED13500AF8928 /* libapp_core_hellomultiverse.dylib */,
				07EDC3541B4ED13500AF8928 /* libapp_core_hellomultiverse.dylib */,
				07EDC3561B4ED13500AF8928 /* app_core_hellomultiverse_iosTests.xctest */,
			);
			name = Products;
			sourceTree = "<group>";
		};
		9A5752A716AAE1D2000CC4EF = {
			isa = PBXGroup;
			children = (
				07108AE41B4C967700A28F80 /* aura.xcodeproj */,
				0776D1CF1921740100F890ED /* app.xcodeproj */,
				07F502DA1918E4940079A8D9 /* app_core_hellomultiverse.xcodeproj */,
				07A51ACD1B75B7D400ACB321 /* aurapcre.xcodeproj */,
				07108A491B4C856B00A28F80 /* axis.xcodeproj */,
				07108A551B4C857E00A28F80 /* axisbzip2.xcodeproj */,
				07108A5B1B4C858A00A28F80 /* axisfreeimage.xcodeproj */,
				07108A611B4C859800A28F80 /* axisfreetype.xcodeproj */,
				07108A671B4C85B300A28F80 /* axiszlib.xcodeproj */,
				07E25E6D1B4FFA2B00752DE1 /* draw2d_quartz2d.xcodeproj */,
				9AA6A4571907B5F0000A1F4A /* base.xcodeproj */,
				9AA6A4871907B628000A1F4A /* aura.xcodeproj */,
				070214611C51580400DB16A7 /* html_lite.xcodeproj */,
				070214641C51580400DB16A7 /* html.xcodeproj */,
				070214671C51580400DB16A7 /* math.xcodeproj */,
				07703CAC1B6FF23C009026EA /* experience_lite.xcodeproj */,
				078C35331921758500354453 /* wiosapp_core_hellomultiverse */,
				078C354B1921758600354453 /* wiosapp_core_hellomultiverseTests */,
				9A5752B516AAE1D2000CC4EF /* Frameworks */,
				9A5752B316AAE1D2000CC4EF /* Products */,
			);
			sourceTree = "<group>";
		};
		9A5752B316AAE1D2000CC4EF /* Products */ = {
			isa = PBXGroup;
			children = (
				078C352F1921758500354453 /* ios_app_core_hellomultiverse.app */,
				078C35451921758600354453 /* ios_app_core_hellomultiverseTests.xctest */,
			);
			name = Products;
			sourceTree = "<group>";
		};
		9A5752B516AAE1D2000CC4EF /* Frameworks */ = {
			isa = PBXGroup;
			children = (
				070276151C5173FF00DAFE31 /* libauracharguess.dylib */,
				070276161C5173FF00DAFE31 /* libaurasqlite.dylib */,
				070214901C51589500DB16A7 /* libauracharguess.dylib */,
				070214911C51589500DB16A7 /* libaurasqlite.dylib */,
				077A02081B4D5758001C85FF /* UIKit.framework */,
				07B5903518866047002C6FEC /* CoreFoundation.framework */,
				9AE24EC31904E95E001AEFFB /* CoreGraphics.framework */,
				9A5752B816AAE1D2000CC4EF /* Other Frameworks */,
			);
			name = Frameworks;
			sourceTree = "<group>";
		};
		9A5752B816AAE1D2000CC4EF /* Other Frameworks */ = {
			isa = PBXGroup;
			children = (
				9A5752B916AAE1D2000CC4EF /* AppKit.framework */,
				9A5752BA16AAE1D2000CC4EF /* CoreData.framework */,
				9A5752BB16AAE1D2000CC4EF /* Foundation.framework */,
			);
			name = "Other Frameworks";
			sourceTree = "<group>";
		};
/* End PBXGroup section */

/* Begin PBXNativeTarget section */
		078C352E1921758500354453 /* ios_app_core_hellomultiverse */ = {
			isa = PBXNativeTarget;
			buildConfigurationList = 078C35741921758600354453 /* Build configuration list for PBXNativeTarget "ios_app_core_hellomultiverse" */;
			buildPhases = (
				078C352B1921758500354453 /* Sources */,
				078C352C1921758500354453 /* Frameworks */,
				078C352D1921758500354453 /* Resources */,
			);
			buildRules = (
			);
			dependencies = (
				070276651C51868A00DAFE31 /* PBXTargetDependency */,
				070214AB1C516DEB00DB16A7 /* PBXTargetDependency */,
				070214861C51583800DB16A7 /* PBXTargetDependency */,
				070214881C51583800DB16A7 /* PBXTargetDependency */,
				0702148A1C51583800DB16A7 /* PBXTargetDependency */,
				07473E271B504F20004688C5 /* PBXTargetDependency */,
				07E25F261B4FFB1800752DE1 /* PBXTargetDependency */,
				07108E021B4C9CBA00A28F80 /* PBXTargetDependency */,
				07108E041B4C9CBA00A28F80 /* PBXTargetDependency */,
				07108E081B4C9CBA00A28F80 /* PBXTargetDependency */,
				07108E281B4C9CDA00A28F80 /* PBXTargetDependency */,
				07108E261B4C9CD400A28F80 /* PBXTargetDependency */,
				07108A8A1B4C954F00A28F80 /* PBXTargetDependency */,
				07108E061B4C9CBA00A28F80 /* PBXTargetDependency */,
				07557C351B4D94410065594B /* PBXTargetDependency */,
				07108E0A1B4C9CBA00A28F80 /* PBXTargetDependency */,
				07108E0C1B4C9CBA00A28F80 /* PBXTargetDependency */,
				07108E0E1B4C9CBA00A28F80 /* PBXTargetDependency */,
				07108E101B4C9CBA00A28F80 /* PBXTargetDependency */,
				07108E121B4C9CBA00A28F80 /* PBXTargetDependency */,
				07108E141B4C9CBA00A28F80 /* PBXTargetDependency */,
				07108E161B4C9CBA00A28F80 /* PBXTargetDependency */,
				07108E181B4C9CBA00A28F80 /* PBXTargetDependency */,
			);
			name = ios_app_core_hellomultiverse;
			productName = wiosapp_core_hellomultiverse;
			productReference = 078C352F1921758500354453 /* ios_app_core_hellomultiverse.app */;
			productType = "com.apple.product-type.application";
		};
		078C35441921758600354453 /* ios_app_core_hellomultiverseTests */ = {
			isa = PBXNativeTarget;
			buildConfigurationList = 078C35751921758600354453 /* Build configuration list for PBXNativeTarget "ios_app_core_hellomultiverseTests" */;
			buildPhases = (
				078C35411921758600354453 /* Sources */,
				078C35421921758600354453 /* Frameworks */,
				078C35431921758600354453 /* Resources */,
			);
			buildRules = (
			);
			dependencies = (
				078C354A1921758600354453 /* PBXTargetDependency */,
			);
			name = ios_app_core_hellomultiverseTests;
			productName = wiosapp_core_hellomultiverseTests;
			productReference = 078C35451921758600354453 /* ios_app_core_hellomultiverseTests.xctest */;
			productType = "com.apple.product-type.bundle.unit-test";
		};
/* End PBXNativeTarget section */

/* Begin PBXProject section */
		9A5752A916AAE1D2000CC4EF /* Project object */ = {
			isa = PBXProject;
			attributes = {
				CLASSPREFIX = ca2;
				LastUpgradeCheck = 0720;
				ORGANIZATIONNAME = "Camilo Sasuke Tsumanuma";
				TargetAttributes = {
					078C35441921758600354453 = {
						TestTargetID = 078C352E1921758500354453;
					};
				};
			};
			buildConfigurationList = 9A5752AC16AAE1D2000CC4EF /* Build configuration list for PBXProject "ios_app_core_hellomultiverse" */;
			compatibilityVersion = "Xcode 3.2";
			developmentRegion = English;
			hasScannedForEncodings = 0;
			knownRegions = (
				en,
			);
			mainGroup = 9A5752A716AAE1D2000CC4EF;
			productRefGroup = 9A5752B316AAE1D2000CC4EF /* Products */;
			projectDirPath = "";
			projectReferences = (
				{
					ProductGroup = 0776D1D01921740100F890ED /* Products */;
					ProjectRef = 0776D1CF1921740100F890ED /* app.xcodeproj */;
				},
				{
					ProductGroup = 07EDC3481B4ED13500AF8928 /* Products */;
					ProjectRef = 07F502DA1918E4940079A8D9 /* app_core_hellomultiverse.xcodeproj */;
				},
				{
					ProductGroup = 07108AE51B4C967700A28F80 /* Products */;
					ProjectRef = 07108AE41B4C967700A28F80 /* aura.xcodeproj */;
				},
				{
					ProductGroup = 07A51ACE1B75B7D400ACB321 /* Products */;
					ProjectRef = 07A51ACD1B75B7D400ACB321 /* aurapcre.xcodeproj */;
				},
				{
					ProductGroup = 07108A4A1B4C856B00A28F80 /* Products */;
					ProjectRef = 07108A491B4C856B00A28F80 /* axis.xcodeproj */;
				},
				{
					ProductGroup = 07108A561B4C857E00A28F80 /* Products */;
					ProjectRef = 07108A551B4C857E00A28F80 /* axisbzip2.xcodeproj */;
				},
				{
					ProductGroup = 07108A5C1B4C858A00A28F80 /* Products */;
					ProjectRef = 07108A5B1B4C858A00A28F80 /* axisfreeimage.xcodeproj */;
				},
				{
					ProductGroup = 07108A621B4C859800A28F80 /* Products */;
					ProjectRef = 07108A611B4C859800A28F80 /* axisfreetype.xcodeproj */;
				},
				{
					ProductGroup = 07108A681B4C85B300A28F80 /* Products */;
					ProjectRef = 07108A671B4C85B300A28F80 /* axiszlib.xcodeproj */;
				},
				{
					ProductGroup = 07E25E171B4FF98000752DE1 /* Products */;
					ProjectRef = 9AA6A4571907B5F0000A1F4A /* base.xcodeproj */;
				},
				{
					ProductGroup = 07E25E191B4FF98000752DE1 /* Products */;
					ProjectRef = 9AA6A4871907B628000A1F4A /* aura.xcodeproj */;
				},
				{
					ProductGroup = 07E25E6E1B4FFA2B00752DE1 /* Products */;
					ProjectRef = 07E25E6D1B4FFA2B00752DE1 /* draw2d_quartz2d.xcodeproj */;
				},
				{
					ProductGroup = 070214651C51580400DB16A7 /* Products */;
					ProjectRef = 070214641C51580400DB16A7 /* html.xcodeproj */;
				},
				{
					ProductGroup = 070214621C51580400DB16A7 /* Products */;
					ProjectRef = 070214611C51580400DB16A7 /* html_lite.xcodeproj */;
				},
				{
					ProductGroup = 070214681C51580400DB16A7 /* Products */;
					ProjectRef = 070214671C51580400DB16A7 /* math.xcodeproj */;
				},
				{
					ProductGroup = 07703CAD1B6FF23C009026EA /* Products */;
					ProjectRef = 07703CAC1B6FF23C009026EA /* experience_lite.xcodeproj */;
				},
			);
			projectRoot = "";
			targets = (
				078C352E1921758500354453 /* ios_app_core_hellomultiverse */,
				078C35441921758600354453 /* ios_app_core_hellomultiverseTests */,
			);
		};
/* End PBXProject section */

/* Begin PBXReferenceProxy section */
		0702146E1C51580500DB16A7 /* libhtml.dylib */ = {
			isa = PBXReferenceProxy;
			fileType = "compiled.mach-o.dylib";
			path = libhtml.dylib;
			remoteRef = 0702146D1C51580500DB16A7 /* PBXContainerItemProxy */;
			sourceTree = BUILT_PRODUCTS_DIR;
		};
		070214701C51580500DB16A7 /* libhtml.dylib */ = {
			isa = PBXReferenceProxy;
			fileType = archive.ar;
			path = libhtml.dylib;
			remoteRef = 0702146F1C51580500DB16A7 /* PBXContainerItemProxy */;
			sourceTree = BUILT_PRODUCTS_DIR;
		};
		070214721C51580500DB16A7 /* ios_htmlTests.xctest */ = {
			isa = PBXReferenceProxy;
			fileType = wrapper.cfbundle;
			path = ios_htmlTests.xctest;
			remoteRef = 070214711C51580500DB16A7 /* PBXContainerItemProxy */;
			sourceTree = BUILT_PRODUCTS_DIR;
		};
		070214771C51580500DB16A7 /* libhtml_lite.dylib */ = {
			isa = PBXReferenceProxy;
			fileType = "compiled.mach-o.dylib";
			path = libhtml_lite.dylib;
			remoteRef = 070214761C51580500DB16A7 /* PBXContainerItemProxy */;
			sourceTree = BUILT_PRODUCTS_DIR;
		};
		070214791C51580500DB16A7 /* libhtml_lite.dylib */ = {
			isa = PBXReferenceProxy;
			fileType = archive.ar;
			path = libhtml_lite.dylib;
			remoteRef = 070214781C51580500DB16A7 /* PBXContainerItemProxy */;
			sourceTree = BUILT_PRODUCTS_DIR;
		};
		0702147B1C51580500DB16A7 /* math_iosTests.xctest */ = {
			isa = PBXReferenceProxy;
			fileType = wrapper.cfbundle;
			path = math_iosTests.xctest;
			remoteRef = 0702147A1C51580500DB16A7 /* PBXContainerItemProxy */;
			sourceTree = BUILT_PRODUCTS_DIR;
		};
		070214801C51580500DB16A7 /* libmath.dylib */ = {
			isa = PBXReferenceProxy;
			fileType = "compiled.mach-o.dylib";
			path = libmath.dylib;
			remoteRef = 0702147F1C51580500DB16A7 /* PBXContainerItemProxy */;
			sourceTree = BUILT_PRODUCTS_DIR;
		};
		070214821C51580500DB16A7 /* libmath.dylib */ = {
			isa = PBXReferenceProxy;
			fileType = archive.ar;
			path = libmath.dylib;
			remoteRef = 070214811C51580500DB16A7 /* PBXContainerItemProxy */;
			sourceTree = BUILT_PRODUCTS_DIR;
		};
		070214841C51580500DB16A7 /* math_iosTests.xctest */ = {
			isa = PBXReferenceProxy;
			fileType = wrapper.cfbundle;
			path = math_iosTests.xctest;
			remoteRef = 070214831C51580500DB16A7 /* PBXContainerItemProxy */;
			sourceTree = BUILT_PRODUCTS_DIR;
		};
		07108A501B4C856B00A28F80 /* libaxis.dylib */ = {
			isa = PBXReferenceProxy;
			fileType = "compiled.mach-o.dylib";
			path = libaxis.dylib;
			remoteRef = 07108A4F1B4C856B00A28F80 /* PBXContainerItemProxy */;
			sourceTree = BUILT_PRODUCTS_DIR;
		};
		07108A521B4C856B00A28F80 /* libaxis.dylib */ = {
			isa = PBXReferenceProxy;
			fileType = archive.ar;
			path = libaxis.dylib;
			remoteRef = 07108A511B4C856B00A28F80 /* PBXContainerItemProxy */;
			sourceTree = BUILT_PRODUCTS_DIR;
		};
		07108A541B4C856B00A28F80 /* axis_iosTests.xctest */ = {
			isa = PBXReferenceProxy;
			fileType = wrapper.cfbundle;
			path = axis_iosTests.xctest;
			remoteRef = 07108A531B4C856B00A28F80 /* PBXContainerItemProxy */;
			sourceTree = BUILT_PRODUCTS_DIR;
		};
		07108A5A1B4C857F00A28F80 /* libaxisbzip2.dylib */ = {
			isa = PBXReferenceProxy;
			fileType = "compiled.mach-o.dylib";
			path = libaxisbzip2.dylib;
			remoteRef = 07108A591B4C857F00A28F80 /* PBXContainerItemProxy */;
			sourceTree = BUILT_PRODUCTS_DIR;
		};
		07108A601B4C858A00A28F80 /* libaxisfreeimage.dylib */ = {
			isa = PBXReferenceProxy;
			fileType = "compiled.mach-o.dylib";
			path = libaxisfreeimage.dylib;
			remoteRef = 07108A5F1B4C858A00A28F80 /* PBXContainerItemProxy */;
			sourceTree = BUILT_PRODUCTS_DIR;
		};
		07108A661B4C859900A28F80 /* libaxisfreetype.dylib */ = {
			isa = PBXReferenceProxy;
			fileType = "compiled.mach-o.dylib";
			path = libaxisfreetype.dylib;
			remoteRef = 07108A651B4C859900A28F80 /* PBXContainerItemProxy */;
			sourceTree = BUILT_PRODUCTS_DIR;
		};
		07108A6C1B4C85B300A28F80 /* libaxiszlib.dylib */ = {
			isa = PBXReferenceProxy;
			fileType = "compiled.mach-o.dylib";
			path = libaxiszlib.dylib;
			remoteRef = 07108A6B1B4C85B300A28F80 /* PBXContainerItemProxy */;
			sourceTree = BUILT_PRODUCTS_DIR;
		};
		07108AEB1B4C967700A28F80 /* libaura.dylib */ = {
			isa = PBXReferenceProxy;
			fileType = "compiled.mach-o.dylib";
			path = libaura.dylib;
			remoteRef = 07108AEA1B4C967700A28F80 /* PBXContainerItemProxy */;
			sourceTree = BUILT_PRODUCTS_DIR;
		};
		07108AEF1B4C967700A28F80 /* aura_iosTests.xctest */ = {
			isa = PBXReferenceProxy;
			fileType = wrapper.cfbundle;
			path = aura_iosTests.xctest;
			remoteRef = 07108AEE1B4C967700A28F80 /* PBXContainerItemProxy */;
			sourceTree = BUILT_PRODUCTS_DIR;
		};
		07108E1B1B4C9CBA00A28F80 /* libaxisbzip2.dylib */ = {
			isa = PBXReferenceProxy;
			fileType = "compiled.mach-o.dylib";
			path = libaxisbzip2.dylib;
			remoteRef = 07108E1A1B4C9CBA00A28F80 /* PBXContainerItemProxy */;
			sourceTree = BUILT_PRODUCTS_DIR;
		};
		07108E1E1B4C9CBA00A28F80 /* libaxisfreeimage.dylib */ = {
			isa = PBXReferenceProxy;
			fileType = "compiled.mach-o.dylib";
			path = libaxisfreeimage.dylib;
			remoteRef = 07108E1D1B4C9CBA00A28F80 /* PBXContainerItemProxy */;
			sourceTree = BUILT_PRODUCTS_DIR;
		};
		07108E211B4C9CBA00A28F80 /* libaxisfreetype.dylib */ = {
			isa = PBXReferenceProxy;
			fileType = "compiled.mach-o.dylib";
			path = libaxisfreetype.dylib;
			remoteRef = 07108E201B4C9CBA00A28F80 /* PBXContainerItemProxy */;
			sourceTree = BUILT_PRODUCTS_DIR;
		};
		07108E241B4C9CBA00A28F80 /* libaxiszlib.dylib */ = {
			isa = PBXReferenceProxy;
			fileType = "compiled.mach-o.dylib";
			path = libaxiszlib.dylib;
			remoteRef = 07108E231B4C9CBA00A28F80 /* PBXContainerItemProxy */;
			sourceTree = BUILT_PRODUCTS_DIR;
		};
		07473E2F1B504F20004688C5 /* libaura.dylib */ = {
			isa = PBXReferenceProxy;
			fileType = "compiled.mach-o.dylib";
			path = libaura.dylib;
			remoteRef = 07473E2E1B504F20004688C5 /* PBXContainerItemProxy */;
			sourceTree = BUILT_PRODUCTS_DIR;
		};
		07473E3F1B504F20004688C5 /* libdraw2d_quartz2d.dylib */ = {
			isa = PBXReferenceProxy;
			fileType = "compiled.mach-o.dylib";
			path = libdraw2d_quartz2d.dylib;
			remoteRef = 07473E3E1B504F20004688C5 /* PBXContainerItemProxy */;
			sourceTree = BUILT_PRODUCTS_DIR;
		};
		07557AD81B4D7F3E0065594B /* appTests.xctest */ = {
			isa = PBXReferenceProxy;
			fileType = wrapper.cfbundle;
			path = appTests.xctest;
			remoteRef = 07557AD71B4D7F3E0065594B /* PBXContainerItemProxy */;
			sourceTree = BUILT_PRODUCTS_DIR;
		};
		07703CC61B6FF23D009026EA /* libexperience_lite.dylib */ = {
			isa = PBXReferenceProxy;
			fileType = "compiled.mach-o.dylib";
			path = libexperience_lite.dylib;
			remoteRef = 07703CC51B6FF23D009026EA /* PBXContainerItemProxy */;
			sourceTree = BUILT_PRODUCTS_DIR;
		};
		07703CC81B6FF23D009026EA /* libexperience_lite.a */ = {
			isa = PBXReferenceProxy;
			fileType = archive.ar;
			path = libexperience_lite.a;
			remoteRef = 07703CC71B6FF23D009026EA /* PBXContainerItemProxy */;
			sourceTree = BUILT_PRODUCTS_DIR;
		};
		07703CCA1B6FF23D009026EA /* experience_lite_iosTests.xctest */ = {
			isa = PBXReferenceProxy;
			fileType = wrapper.cfbundle;
			path = experience_lite_iosTests.xctest;
			remoteRef = 07703CC91B6FF23D009026EA /* PBXContainerItemProxy */;
			sourceTree = BUILT_PRODUCTS_DIR;
		};
		0776D1D51921740100F890ED /* libapp.dylib */ = {
			isa = PBXReferenceProxy;
			fileType = archive.ar;
			path = libapp.dylib;
			remoteRef = 0776D1D41921740100F890ED /* PBXContainerItemProxy */;
			sourceTree = BUILT_PRODUCTS_DIR;
		};
		07A51AD81B75B7D500ACB321 /* libpcre.dylib */ = {
			isa = PBXReferenceProxy;
			fileType = "compiled.mach-o.dylib";
			path = libpcre.dylib;
			remoteRef = 07A51AD71B75B7D500ACB321 /* PBXContainerItemProxy */;
			sourceTree = BUILT_PRODUCTS_DIR;
		};
		07A51ADA1B75B7D500ACB321 /* libpcre.dylib */ = {
			isa = PBXReferenceProxy;
			fileType = "compiled.mach-o.dylib";
			path = libpcre.dylib;
			remoteRef = 07A51AD91B75B7D500ACB321 /* PBXContainerItemProxy */;
			sourceTree = BUILT_PRODUCTS_DIR;
		};
		07E25E2B1B4FF98000752DE1 /* libbase.dylib */ = {
			isa = PBXReferenceProxy;
			fileType = "compiled.mach-o.dylib";
			path = libbase.dylib;
			remoteRef = 07E25E2A1B4FF98000752DE1 /* PBXContainerItemProxy */;
			sourceTree = BUILT_PRODUCTS_DIR;
		};
		07E25E2D1B4FF98000752DE1 /* libbase.dylib */ = {
			isa = PBXReferenceProxy;
			fileType = archive.ar;
			path = libbase.dylib;
			remoteRef = 07E25E2C1B4FF98000752DE1 /* PBXContainerItemProxy */;
			sourceTree = BUILT_PRODUCTS_DIR;
		};
		07E25E2F1B4FF98000752DE1 /* base_iosTests.xctest */ = {
			isa = PBXReferenceProxy;
			fileType = wrapper.cfbundle;
			path = base_iosTests.xctest;
			remoteRef = 07E25E2E1B4FF98000752DE1 /* PBXContainerItemProxy */;
			sourceTree = BUILT_PRODUCTS_DIR;
		};
		07E25E341B4FF98000752DE1 /* libcore.dylib */ = {
			isa = PBXReferenceProxy;
			fileType = "compiled.mach-o.dylib";
			path = libcore.dylib;
			remoteRef = 07E25E331B4FF98000752DE1 /* PBXContainerItemProxy */;
			sourceTree = BUILT_PRODUCTS_DIR;
		};
		07E25E361B4FF98000752DE1 /* libcore.dylib */ = {
			isa = PBXReferenceProxy;
			fileType = archive.ar;
			path = libcore.dylib;
			remoteRef = 07E25E351B4FF98000752DE1 /* PBXContainerItemProxy */;
			sourceTree = BUILT_PRODUCTS_DIR;
		};
		07E25E381B4FF98000752DE1 /* core_iosTests.xctest */ = {
			isa = PBXReferenceProxy;
			fileType = wrapper.cfbundle;
			path = core_iosTests.xctest;
			remoteRef = 07E25E371B4FF98000752DE1 /* PBXContainerItemProxy */;
			sourceTree = BUILT_PRODUCTS_DIR;
		};
		07E25E741B4FFA2B00752DE1 /* libdraw2d_quartz2d.dylib */ = {
			isa = PBXReferenceProxy;
			fileType = "compiled.mach-o.dylib";
			path = libdraw2d_quartz2d.dylib;
			remoteRef = 07E25E731B4FFA2B00752DE1 /* PBXContainerItemProxy */;
			sourceTree = BUILT_PRODUCTS_DIR;
		};
		07E25E781B4FFA2B00752DE1 /* draw2d_quartz2d_iosTests.xctest */ = {
			isa = PBXReferenceProxy;
			fileType = wrapper.cfbundle;
			path = draw2d_quartz2d_iosTests.xctest;
			remoteRef = 07E25E771B4FFA2B00752DE1 /* PBXContainerItemProxy */;
			sourceTree = BUILT_PRODUCTS_DIR;
		};
		07EDC3521B4ED13500AF8928 /* libapp_core_hellomultiverse.dylib */ = {
			isa = PBXReferenceProxy;
			fileType = "compiled.mach-o.dylib";
			path = libapp_core_hellomultiverse.dylib;
			remoteRef = 07EDC3511B4ED13500AF8928 /* PBXContainerItemProxy */;
			sourceTree = BUILT_PRODUCTS_DIR;
		};
		07EDC3541B4ED13500AF8928 /* libapp_core_hellomultiverse.dylib */ = {
			isa = PBXReferenceProxy;
			fileType = archive.ar;
			path = libapp_core_hellomultiverse.dylib;
			remoteRef = 07EDC3531B4ED13500AF8928 /* PBXContainerItemProxy */;
			sourceTree = BUILT_PRODUCTS_DIR;
		};
		07EDC3561B4ED13500AF8928 /* app_core_hellomultiverse_iosTests.xctest */ = {
			isa = PBXReferenceProxy;
			fileType = wrapper.cfbundle;
			path = app_core_hellomultiverse_iosTests.xctest;
			remoteRef = 07EDC3551B4ED13500AF8928 /* PBXContainerItemProxy */;
			sourceTree = BUILT_PRODUCTS_DIR;
		};
/* End PBXReferenceProxy section */

/* Begin PBXResourcesBuildPhase section */
		078C352D1921758500354453 /* Resources */ = {
			isa = PBXResourcesBuildPhase;
			buildActionMask = 2147483647;
			files = (
				078C35381921758600354453 /* InfoPlist.strings in Resources */,
				078C35401921758600354453 /* Images.xcassets in Resources */,
			);
			runOnlyForDeploymentPostprocessing = 0;
		};
		078C35431921758600354453 /* Resources */ = {
			isa = PBXResourcesBuildPhase;
			buildActionMask = 2147483647;
			files = (
				078C35501921758600354453 /* InfoPlist.strings in Resources */,
			);
			runOnlyForDeploymentPostprocessing = 0;
		};
/* End PBXResourcesBuildPhase section */

/* Begin PBXSourcesBuildPhase section */
		078C352B1921758500354453 /* Sources */ = {
			isa = PBXSourcesBuildPhase;
			buildActionMask = 2147483647;
			files = (
				0751C8561921A9DA0099706E /* main.mm in Sources */,
			);
			runOnlyForDeploymentPostprocessing = 0;
		};
		078C35411921758600354453 /* Sources */ = {
			isa = PBXSourcesBuildPhase;
			buildActionMask = 2147483647;
			files = (
			);
			runOnlyForDeploymentPostprocessing = 0;
		};
/* End PBXSourcesBuildPhase section */

/* Begin PBXTargetDependency section */
		070214861C51583800DB16A7 /* PBXTargetDependency */ = {
			isa = PBXTargetDependency;
			name = ios_html_lite;
			targetProxy = 070214851C51583800DB16A7 /* PBXContainerItemProxy */;
		};
		070214881C51583800DB16A7 /* PBXTargetDependency */ = {
			isa = PBXTargetDependency;
			name = ios_html;
			targetProxy = 070214871C51583800DB16A7 /* PBXContainerItemProxy */;
		};
		0702148A1C51583800DB16A7 /* PBXTargetDependency */ = {
			isa = PBXTargetDependency;
			name = ios_math;
			targetProxy = 070214891C51583800DB16A7 /* PBXContainerItemProxy */;
		};
		070214AB1C516DEB00DB16A7 /* PBXTargetDependency */ = {
			isa = PBXTargetDependency;
			name = ios_aurapcre;
			targetProxy = 070214AA1C516DEB00DB16A7 /* PBXContainerItemProxy */;
		};
		070276651C51868A00DAFE31 /* PBXTargetDependency */ = {
			isa = PBXTargetDependency;
			name = ios_experience_lite;
			targetProxy = 070276641C51868A00DAFE31 /* PBXContainerItemProxy */;
		};
		07108A8A1B4C954F00A28F80 /* PBXTargetDependency */ = {
			isa = PBXTargetDependency;
			name = axis_ios;
			targetProxy = 07108A891B4C954F00A28F80 /* PBXContainerItemProxy */;
		};
		07108E021B4C9CBA00A28F80 /* PBXTargetDependency */ = {
			isa = PBXTargetDependency;
			name = aura_ios;
			targetProxy = 07108E011B4C9CBA00A28F80 /* PBXContainerItemProxy */;
		};
		07108E041B4C9CBA00A28F80 /* PBXTargetDependency */ = {
			isa = PBXTargetDependency;
			name = axisbzip2_ios;
			targetProxy = 07108E031B4C9CBA00A28F80 /* PBXContainerItemProxy */;
		};
		07108E061B4C9CBA00A28F80 /* PBXTargetDependency */ = {
			isa = PBXTargetDependency;
			name = axisbzip2_ios;
			targetProxy = 07108E051B4C9CBA00A28F80 /* PBXContainerItemProxy */;
		};
		07108E081B4C9CBA00A28F80 /* PBXTargetDependency */ = {
			isa = PBXTargetDependency;
			name = axiszlib_ios;
			targetProxy = 07108E071B4C9CBA00A28F80 /* PBXContainerItemProxy */;
		};
		07108E0A1B4C9CBA00A28F80 /* PBXTargetDependency */ = {
			isa = PBXTargetDependency;
			name = axiszlib_ios;
			targetProxy = 07108E091B4C9CBA00A28F80 /* PBXContainerItemProxy */;
		};
		07108E0C1B4C9CBA00A28F80 /* PBXTargetDependency */ = {
			isa = PBXTargetDependency;
			name = axiszlib_ios;
			targetProxy = 07108E0B1B4C9CBA00A28F80 /* PBXContainerItemProxy */;
		};
		07108E0E1B4C9CBA00A28F80 /* PBXTargetDependency */ = {
			isa = PBXTargetDependency;
			name = axisbzip2_ios;
			targetProxy = 07108E0D1B4C9CBA00A28F80 /* PBXContainerItemProxy */;
		};
		07108E101B4C9CBA00A28F80 /* PBXTargetDependency */ = {
			isa = PBXTargetDependency;
			name = axiszlib_ios;
			targetProxy = 07108E0F1B4C9CBA00A28F80 /* PBXContainerItemProxy */;
		};
		07108E121B4C9CBA00A28F80 /* PBXTargetDependency */ = {
			isa = PBXTargetDependency;
			name = axisbzip2_ios;
			targetProxy = 07108E111B4C9CBA00A28F80 /* PBXContainerItemProxy */;
		};
		07108E141B4C9CBA00A28F80 /* PBXTargetDependency */ = {
			isa = PBXTargetDependency;
			name = axisbzip2_ios;
			targetProxy = 07108E131B4C9CBA00A28F80 /* PBXContainerItemProxy */;
		};
		07108E161B4C9CBA00A28F80 /* PBXTargetDependency */ = {
			isa = PBXTargetDependency;
			name = axisbzip2_ios;
			targetProxy = 07108E151B4C9CBA00A28F80 /* PBXContainerItemProxy */;
		};
		07108E181B4C9CBA00A28F80 /* PBXTargetDependency */ = {
			isa = PBXTargetDependency;
			name = axiszlib_ios;
			targetProxy = 07108E171B4C9CBA00A28F80 /* PBXContainerItemProxy */;
		};
		07108E261B4C9CD400A28F80 /* PBXTargetDependency */ = {
			isa = PBXTargetDependency;
			name = axisfreeimage_ios;
			targetProxy = 07108E251B4C9CD400A28F80 /* PBXContainerItemProxy */;
		};
		07108E281B4C9CDA00A28F80 /* PBXTargetDependency */ = {
			isa = PBXTargetDependency;
			name = axisfreetype_ios;
			targetProxy = 07108E271B4C9CDA00A28F80 /* PBXContainerItemProxy */;
		};
		07473E271B504F20004688C5 /* PBXTargetDependency */ = {
			isa = PBXTargetDependency;
			name = ios_app_core_hellomultiverse;
			targetProxy = 07473E261B504F20004688C5 /* PBXContainerItemProxy */;
		};
		07557C351B4D94410065594B /* PBXTargetDependency */ = {
			isa = PBXTargetDependency;
			name = app;
			targetProxy = 07557C341B4D94410065594B /* PBXContainerItemProxy */;
		};
		078C354A1921758600354453 /* PBXTargetDependency */ = {
			isa = PBXTargetDependency;
			target = 078C352E1921758500354453 /* ios_app_core_hellomultiverse */;
			targetProxy = 078C35491921758600354453 /* PBXContainerItemProxy */;
		};
		07E25F261B4FFB1800752DE1 /* PBXTargetDependency */ = {
			isa = PBXTargetDependency;
			name = draw2d_quartz2d_ios;
			targetProxy = 07E25F251B4FFB1800752DE1 /* PBXContainerItemProxy */;
		};
/* End PBXTargetDependency section */

/* Begin PBXVariantGroup section */
		078C35361921758600354453 /* InfoPlist.strings */ = {
			isa = PBXVariantGroup;
			children = (
				078C35371921758600354453 /* en */,
			);
			name = InfoPlist.strings;
			sourceTree = "<group>";
		};
		078C354E1921758600354453 /* InfoPlist.strings */ = {
			isa = PBXVariantGroup;
			children = (
				078C354F1921758600354453 /* en */,
			);
			name = InfoPlist.strings;
			sourceTree = "<group>";
		};
/* End PBXVariantGroup section */

/* Begin XCBuildConfiguration section */
		078C35531921758600354453 /* Debug */ = {
			isa = XCBuildConfiguration;
			buildSettings = {
				ALWAYS_SEARCH_USER_PATHS = NO;
				ASSETCATALOG_COMPILER_APPICON_NAME = AppIcon;
				ASSETCATALOG_COMPILER_LAUNCHIMAGE_NAME = LaunchImage;
				CLANG_CXX_LANGUAGE_STANDARD = "gnu++0x";
				CLANG_ENABLE_OBJC_ARC = YES;
				"CODE_SIGN_IDENTITY[sdk=iphoneos*]" = "iPhone Developer";
				FRAMEWORK_SEARCH_PATHS = (
					"$(inherited)",
					"$(DEVELOPER_FRAMEWORKS_DIR)",
				);
				GCC_C_LANGUAGE_STANDARD = gnu99;
				GCC_PRECOMPILE_PREFIX_HEADER = NO;
				GCC_PREPROCESSOR_DEFINITIONS = (
					"DEBUG=1",
					"$(inherited)",
				);
				INFOPLIST_FILE = "wiosapp_core_hellomultiverse/wiosapp_core_hellomultiverse-Info.plist";
				IPHONEOS_DEPLOYMENT_TARGET = 8.4;
				PRODUCT_BUNDLE_IDENTIFIER = "ca2.${PRODUCT_NAME:rfc1034identifier}";
				PRODUCT_NAME = "$(TARGET_NAME)";
				WRAPPER_EXTENSION = app;
			};
			name = Debug;
		};
		078C35541921758600354453 /* Release */ = {
			isa = XCBuildConfiguration;
			buildSettings = {
				ALWAYS_SEARCH_USER_PATHS = NO;
				ASSETCATALOG_COMPILER_APPICON_NAME = AppIcon;
				ASSETCATALOG_COMPILER_LAUNCHIMAGE_NAME = LaunchImage;
				CLANG_CXX_LANGUAGE_STANDARD = "gnu++0x";
				CLANG_ENABLE_OBJC_ARC = YES;
				"CODE_SIGN_IDENTITY[sdk=iphoneos*]" = "iPhone Developer";
				ENABLE_NS_ASSERTIONS = NO;
				FRAMEWORK_SEARCH_PATHS = (
					"$(inherited)",
					"$(DEVELOPER_FRAMEWORKS_DIR)",
				);
				GCC_C_LANGUAGE_STANDARD = gnu99;
				GCC_PRECOMPILE_PREFIX_HEADER = NO;
				INFOPLIST_FILE = "wiosapp_core_hellomultiverse/wiosapp_core_hellomultiverse-Info.plist";
				IPHONEOS_DEPLOYMENT_TARGET = 8.4;
				PRODUCT_BUNDLE_IDENTIFIER = "ca2.${PRODUCT_NAME:rfc1034identifier}";
				PRODUCT_NAME = "$(TARGET_NAME)";
				WRAPPER_EXTENSION = app;
			};
			name = Release;
		};
		078C35551921758600354453 /* Debug */ = {
			isa = XCBuildConfiguration;
			buildSettings = {
				ALWAYS_SEARCH_USER_PATHS = NO;
				BUNDLE_LOADER = "$(BUILT_PRODUCTS_DIR)/wiosapp_core_hellomultiverse.app/wiosapp_core_hellomultiverse";
				CLANG_CXX_LANGUAGE_STANDARD = "gnu++0x";
				CLANG_ENABLE_OBJC_ARC = YES;
				FRAMEWORK_SEARCH_PATHS = (
					"$(SDKROOT)/Developer/Library/Frameworks",
					"$(inherited)",
					"$(DEVELOPER_FRAMEWORKS_DIR)",
				);
				GCC_C_LANGUAGE_STANDARD = gnu99;
				GCC_PRECOMPILE_PREFIX_HEADER = NO;
				GCC_PREPROCESSOR_DEFINITIONS = (
					"DEBUG=1",
					"$(inherited)",
				);
				INFOPLIST_FILE = "wiosapp_core_hellomultiverseTests/wiosapp_core_hellomultiverseTests-Info.plist";
				IPHONEOS_DEPLOYMENT_TARGET = 7.1;
				PRODUCT_BUNDLE_IDENTIFIER = "ca2.${PRODUCT_NAME:rfc1034identifier}";
				PRODUCT_NAME = "$(TARGET_NAME)";
				TEST_HOST = "$(BUNDLE_LOADER)";
				WRAPPER_EXTENSION = xctest;
			};
			name = Debug;
		};
		078C35561921758600354453 /* Release */ = {
			isa = XCBuildConfiguration;
			buildSettings = {
				ALWAYS_SEARCH_USER_PATHS = NO;
				BUNDLE_LOADER = "$(BUILT_PRODUCTS_DIR)/wiosapp_core_hellomultiverse.app/wiosapp_core_hellomultiverse";
				CLANG_CXX_LANGUAGE_STANDARD = "gnu++0x";
				CLANG_ENABLE_OBJC_ARC = YES;
				ENABLE_NS_ASSERTIONS = NO;
				FRAMEWORK_SEARCH_PATHS = (
					"$(SDKROOT)/Developer/Library/Frameworks",
					"$(inherited)",
					"$(DEVELOPER_FRAMEWORKS_DIR)",
				);
				GCC_C_LANGUAGE_STANDARD = gnu99;
				GCC_PRECOMPILE_PREFIX_HEADER = NO;
				INFOPLIST_FILE = "wiosapp_core_hellomultiverseTests/wiosapp_core_hellomultiverseTests-Info.plist";
				IPHONEOS_DEPLOYMENT_TARGET = 7.1;
				PRODUCT_BUNDLE_IDENTIFIER = "ca2.${PRODUCT_NAME:rfc1034identifier}";
				PRODUCT_NAME = "$(TARGET_NAME)";
				TEST_HOST = "$(BUNDLE_LOADER)";
				WRAPPER_EXTENSION = xctest;
			};
			name = Release;
		};
		9A5752CE16AAE1D3000CC4EF /* Debug */ = {
			isa = XCBuildConfiguration;
			buildSettings = {
				ALWAYS_SEARCH_USER_PATHS = YES;
				CLANG_ANALYZER_DEADCODE_DEADSTORES = NO;
				CLANG_ANALYZER_MEMORY_MANAGEMENT = YES;
				CLANG_CXX_LANGUAGE_STANDARD = "c++0x";
				CLANG_CXX_LIBRARY = "libc++";
				CLANG_ENABLE_OBJC_ARC = NO;
				CLANG_WARN_BOOL_CONVERSION = YES;
				CLANG_WARN_CONSTANT_CONVERSION = YES;
				CLANG_WARN_DIRECT_OBJC_ISA_USAGE = YES_ERROR;
				CLANG_WARN_EMPTY_BODY = YES;
				CLANG_WARN_ENUM_CONVERSION = YES;
				CLANG_WARN_INT_CONVERSION = YES;
				CLANG_WARN_OBJC_ROOT_CLASS = YES_ERROR;
				CLANG_WARN__DUPLICATE_METHOD_MATCH = YES;
				COPY_PHASE_STRIP = NO;
				DEPLOYMENT_POSTPROCESSING = YES;
				ENABLE_TESTABILITY = YES;
				GCC_C_LANGUAGE_STANDARD = c99;
				GCC_DYNAMIC_NO_PIC = NO;
				GCC_ENABLE_OBJC_EXCEPTIONS = YES;
				GCC_OPTIMIZATION_LEVEL = 0;
				GCC_PREPROCESSOR_DEFINITIONS = (
					"DEBUG=1",
					"$(inherited)",
				);
				GCC_SYMBOLS_PRIVATE_EXTERN = NO;
				GCC_WARN_64_TO_32_BIT_CONVERSION = YES;
				GCC_WARN_ABOUT_RETURN_TYPE = YES_ERROR;
				GCC_WARN_UNDECLARED_SELECTOR = YES;
				GCC_WARN_UNINITIALIZED_AUTOS = YES_AGGRESSIVE;
				GCC_WARN_UNUSED_FUNCTION = YES;
				GCC_WARN_UNUSED_VARIABLE = YES;
				HEADER_SEARCH_PATHS = (
					"$(WorkspaceDir)/source/app $(WorkspaceDir)/source/app/include $(WorkspaceDir)/operating_system $(WorkspaceDir)/operating_system/operating_system-$(PLATFORM_MODIFIER)/thirdparty/include",
					"$(WorkspaceDir)/platform/thirdparty/include",
				);
				INSTALL_PATH = /Applications;
				LIBRARY_SEARCH_PATHS = (
					"$(inherited)",
					"\"$(TARGET_BUILD_DIR)\"",
				);
				MACOSX_DEPLOYMENT_TARGET = "$(BUILD_MACHINE_MACOS_DEPLOYMENT_TARGET)";
				ONLY_ACTIVE_ARCH = YES;
				PRODUCT_NAME = "$(PROJECT_NAME)";
				SDKROOT = iphoneos;
				SUPPORTED_PLATFORMS = "iphonesimulator iphoneos";
				TARGETED_DEVICE_FAMILY = "1,2";
				USER_HEADER_SEARCH_PATHS = "$(WorkspaceDir)/source $(WorkspaceDir)/source/include $(WorkspaceDir)/operating_system $(WorkspaceDir)/operating_system/operating_system-$(PLATFORM_MODIFIER) $(WorkspaceDir)/source/app $(WorkspaceDir)/source/app/include $(WorkspaceDir)/operating_system $(WorkspaceDir)/operating_system/operating_system-$(PLATFORM_MODIFIER) $(WorkspaceDir)/operating_system/operating_system-$(PLATFORM_MODIFIER)/include . .. $(WorkspaceDir)  $(WorkspaceDir)/source/app $(WorkspaceDir)/source/app/include . .. $(WorkspaceDir) $(WorkspaceDir)/source/app $(WorkspaceDir)/source/app/include $(WorkspaceDir)/operating_system $(WorkspaceDir)/operating_system/operating_system-$(PLATFORM_MODIFIER)  /thirdparty/include $(WorkspaceDir)/source/app $(WorkspaceDir)/source/app/include $(WorkspaceDir)/operating_system $(WorkspaceDir)/operating_system/operating_system-$(PLATFORM_MODIFIER)/thirdparty/include  $(WorkspaceDir)/source/app $(WorkspaceDir)/source/app/include $(WorkspaceDir)/operating_system $(WorkspaceDir)/operating_system/operating_system-$(PLATFORM_MODIFIER)/thirdparty";
				WorkspaceDir = "$(SRCROOT)/../../..";
			};
			name = Debug;
		};
		9A5752CF16AAE1D3000CC4EF /* Release */ = {
			isa = XCBuildConfiguration;
			buildSettings = {
				ALWAYS_SEARCH_USER_PATHS = YES;
				CLANG_ANALYZER_DEADCODE_DEADSTORES = NO;
				CLANG_ANALYZER_MEMORY_MANAGEMENT = YES;
				CLANG_CXX_LANGUAGE_STANDARD = "c++0x";
				CLANG_CXX_LIBRARY = "libc++";
				CLANG_ENABLE_OBJC_ARC = NO;
				CLANG_WARN_BOOL_CONVERSION = YES;
				CLANG_WARN_CONSTANT_CONVERSION = YES;
				CLANG_WARN_DIRECT_OBJC_ISA_USAGE = YES_ERROR;
				CLANG_WARN_EMPTY_BODY = YES;
				CLANG_WARN_ENUM_CONVERSION = YES;
				CLANG_WARN_INT_CONVERSION = YES;
				CLANG_WARN_OBJC_ROOT_CLASS = YES_ERROR;
				CLANG_WARN__DUPLICATE_METHOD_MATCH = YES;
				COPY_PHASE_STRIP = YES;
				DEPLOYMENT_POSTPROCESSING = YES;
				GCC_C_LANGUAGE_STANDARD = c99;
				GCC_ENABLE_OBJC_EXCEPTIONS = YES;
				GCC_WARN_64_TO_32_BIT_CONVERSION = YES;
				GCC_WARN_ABOUT_RETURN_TYPE = YES_ERROR;
				GCC_WARN_UNDECLARED_SELECTOR = YES;
				GCC_WARN_UNINITIALIZED_AUTOS = YES_AGGRESSIVE;
				GCC_WARN_UNUSED_FUNCTION = YES;
				GCC_WARN_UNUSED_VARIABLE = YES;
				HEADER_SEARCH_PATHS = (
					"$(WorkspaceDir)/source/app $(WorkspaceDir)/source/app/include $(WorkspaceDir)/operating_system $(WorkspaceDir)/operating_system/operating_system-$(PLATFORM_MODIFIER)/thirdparty/include",
					"$(WorkspaceDir)/platform/thirdparty/include",
				);
				INSTALL_PATH = /Applications;
				LIBRARY_SEARCH_PATHS = (
					"$(inherited)",
					"\"$(TARGET_BUILD_DIR)\"",
				);
				MACOSX_DEPLOYMENT_TARGET = "$(BUILD_MACHINE_MACOS_DEPLOYMENT_TARGET)";
				PRODUCT_NAME = "$(PROJECT_NAME)";
				SDKROOT = iphoneos;
				SUPPORTED_PLATFORMS = "iphonesimulator iphoneos";
				TARGETED_DEVICE_FAMILY = "1,2";
				USER_HEADER_SEARCH_PATHS = "$(WorkspaceDir)/source $(WorkspaceDir)/source/include $(WorkspaceDir)/operating_system $(WorkspaceDir)/operating_system/operating_system-$(PLATFORM_MODIFIER) $(WorkspaceDir)/source/app $(WorkspaceDir)/source/app/include $(WorkspaceDir)/operating_system $(WorkspaceDir)/operating_system/operating_system-$(PLATFORM_MODIFIER) $(WorkspaceDir)/operating_system/operating_system-$(PLATFORM_MODIFIER)/include . .. $(WorkspaceDir)  $(WorkspaceDir)/source/app $(WorkspaceDir)/source/app/include . .. $(WorkspaceDir) $(WorkspaceDir)/source/app $(WorkspaceDir)/source/app/include $(WorkspaceDir)/operating_system $(WorkspaceDir)/operating_system/operating_system-$(PLATFORM_MODIFIER)  /thirdparty/include $(WorkspaceDir)/source/app $(WorkspaceDir)/source/app/include $(WorkspaceDir)/operating_system $(WorkspaceDir)/operating_system/operating_system-$(PLATFORM_MODIFIER)/thirdparty/include  $(WorkspaceDir)/source/app $(WorkspaceDir)/source/app/include $(WorkspaceDir)/operating_system $(WorkspaceDir)/operating_system/operating_system-$(PLATFORM_MODIFIER)/thirdparty";
				VALIDATE_PRODUCT = YES;
				WorkspaceDir = "$(SRCROOT)/../../..";
			};
			name = Release;
		};
/* End XCBuildConfiguration section */

/* Begin XCConfigurationList section */
		078C35741921758600354453 /* Build configuration list for PBXNativeTarget "ios_app_core_hellomultiverse" */ = {
			isa = XCConfigurationList;
			buildConfigurations = (
				078C35531921758600354453 /* Debug */,
				078C35541921758600354453 /* Release */,
			);
			defaultConfigurationIsVisible = 0;
			defaultConfigurationName = Release;
		};
		078C35751921758600354453 /* Build configuration list for PBXNativeTarget "ios_app_core_hellomultiverseTests" */ = {
			isa = XCConfigurationList;
			buildConfigurations = (
				078C35551921758600354453 /* Debug */,
				078C35561921758600354453 /* Release */,
			);
			defaultConfigurationIsVisible = 0;
			defaultConfigurationName = Release;
		};
		9A5752AC16AAE1D2000CC4EF /* Build configuration list for PBXProject "ios_app_core_hellomultiverse" */ = {
			isa = XCConfigurationList;
			buildConfigurations = (
				9A5752CE16AAE1D3000CC4EF /* Debug */,
				9A5752CF16AAE1D3000CC4EF /* Release */,
			);
			defaultConfigurationIsVisible = 0;
			defaultConfigurationName = Release;
		};
/* End XCConfigurationList section */
	};
	rootObject = 9A5752A916AAE1D2000CC4EF /* Project object */;
}
