<?xml version="1.0" encoding="utf-8"?>
<Project ToolsVersion="4.0" xmlns="http://schemas.microsoft.com/developer/msbuild/2003">
  <ItemGroup>
    <Filter Include="Source Files">
      <UniqueIdentifier>{8e5d91c7-edc0-4d92-b733-aeffca5af850}</UniqueIdentifier>
    </Filter>
    <Filter Include="Header Files">
      <UniqueIdentifier>{93995380-89BD-4b04-88EB-625FBE52EBFB}</UniqueIdentifier>
      <Extensions>h;hpp;hxx;hm;inl;inc;xsd</Extensions>
    </Filter>
    <Filter Include="Source Files\vulkan">
      <UniqueIdentifier>{7858990c-8475-4411-b073-f880c449f5a4}</UniqueIdentifier>
    </Filter>
    <Filter Include="Header Files\vulkan">
      <UniqueIdentifier>{d8e87fcd-623d-469b-a789-37b3163a4499}</UniqueIdentifier>
    </Filter>
  </ItemGroup>
  <ItemGroup>
    <ClCompile Include="framework.cpp">
      <Filter>Source Files</Filter>
    </ClCompile>
    <ClCompile Include="application.cpp">
      <Filter>Source Files</Filter>
    </ClCompile>
    <ClCompile Include="document.cpp">
      <Filter>Source Files</Filter>
    </ClCompile>
    <ClCompile Include="frame.cpp">
      <Filter>Source Files</Filter>
    </ClCompile>
    <ClCompile Include="impact.cpp">
      <Filter>Source Files</Filter>
    </ClCompile>
    <ClCompile Include="_.cpp">
      <Filter>Source Files</Filter>
    </ClCompile>
    <ClCompile Include="vulkan\offscreen_application.cpp">
      <Filter>Source Files\vulkan</Filter>
    </ClCompile>
    <ClCompile Include="vulkan\buffer.cpp">
      <Filter>Source Files\vulkan</Filter>
    </ClCompile>
    <ClCompile Include="vulkan\VulkanDebug.cpp">
      <Filter>Source Files\vulkan</Filter>
    </ClCompile>
    <ClCompile Include="vulkan\device.cpp">
      <Filter>Source Files\vulkan</Filter>
    </ClCompile>
    <ClCompile Include="vulkan\VulkanglTFModel.cpp">
      <Filter>Source Files\vulkan</Filter>
    </ClCompile>
    <ClCompile Include="vulkan\VulkanRaytracingSample.cpp">
      <Filter>Source Files\vulkan</Filter>
    </ClCompile>
    <ClCompile Include="vulkan\texture.cpp">
      <Filter>Source Files\vulkan</Filter>
    </ClCompile>
    <ClCompile Include="vulkan\VulkanTools.cpp">
      <Filter>Source Files\vulkan</Filter>
    </ClCompile>
    <ClCompile Include="vulkan\ui_overlay.cpp">
      <Filter>Source Files\vulkan</Filter>
    </ClCompile>
    <ClCompile Include="vulkan\VulkanExampleRenderHeadless.cpp">
      <Filter>Source Files\vulkan</Filter>
    </ClCompile>
    <ClCompile Include="vulkan\base_application_no_swap_chain.cpp">
      <Filter>Source Files\vulkan</Filter>
    </ClCompile>
    <ClCompile Include="vulkan\application.cpp">
      <Filter>Source Files\vulkan</Filter>
    </ClCompile>
    <ClCompile Include="vulkan\vk_container.cpp">
      <Filter>Source Files\vulkan</Filter>
    </ClCompile>
    <ClCompile Include="vulkan\base_application_with_swap_chain.cpp">
      <Filter>Source Files\vulkan</Filter>
    </ClCompile>
    <ClCompile Include="vulkan\VulkanAndroid.cpp">
      <Filter>Source Files\vulkan</Filter>
    </ClCompile>
    <ClCompile Include="vulkan\swap_chain.cpp">
      <Filter>Source Files\vulkan</Filter>
    </ClCompile>
  </ItemGroup>
  <ItemGroup>
    <ClInclude Include="framework.h">
      <Filter>Header Files</Filter>
    </ClInclude>
    <ClInclude Include="application.h">
      <Filter>Header Files</Filter>
    </ClInclude>
    <ClInclude Include="document.h">
      <Filter>Header Files</Filter>
    </ClInclude>
    <ClInclude Include="frame.h">
      <Filter>Header Files</Filter>
    </ClInclude>
    <ClInclude Include="impact.h">
      <Filter>Header Files</Filter>
    </ClInclude>
    <ClInclude Include="_.h">
      <Filter>Header Files</Filter>
    </ClInclude>
    <ClInclude Include="_user.h">
      <Filter>Header Files</Filter>
    </ClInclude>
    <ClInclude Include="resource.h">
      <Filter>Header Files</Filter>
    </ClInclude>
    <ClInclude Include="vulkan\offscreen_application.h">
      <Filter>Header Files\vulkan</Filter>
    </ClInclude>
    <ClInclude Include="vulkan\keycodes.h">
      <Filter>Header Files\vulkan</Filter>
    </ClInclude>
    <ClInclude Include="vulkan\VulkanTools.h">
      <Filter>Header Files\vulkan</Filter>
    </ClInclude>
    <ClInclude Include="vulkan\VulkanInitializers.h">
      <Filter>Header Files\vulkan</Filter>
    </ClInclude>
    <ClInclude Include="vulkan\VulkanDebug.h">
      <Filter>Header Files\vulkan</Filter>
    </ClInclude>
    <ClInclude Include="Vulkan\ui_overlay.h">
      <Filter>Header Files\vulkan</Filter>
    </ClInclude>
    <ClInclude Include="Vulkan\device.h">
      <Filter>Header Files\vulkan</Filter>
    </ClInclude>
    <ClInclude Include="vulkan\Entrypoints.h">
      <Filter>Header Files\vulkan</Filter>
    </ClInclude>
    <ClInclude Include="vulkan\VulkanAndroid.h">
      <Filter>Header Files\vulkan</Filter>
    </ClInclude>
    <ClInclude Include="vulkan\buffer.h">
      <Filter>Header Files\vulkan</Filter>
    </ClInclude>
    <ClInclude Include="vulkan\VulkanglTFModel.h">
      <Filter>Header Files\vulkan</Filter>
    </ClInclude>
    <ClInclude Include="vulkan\VulkanRaytracingSample.h">
      <Filter>Header Files\vulkan</Filter>
    </ClInclude>
    <ClInclude Include="vulkan\swap_chain.h">
      <Filter>Header Files\vulkan</Filter>
    </ClInclude>
    <ClInclude Include="vulkan\texture.h">
      <Filter>Header Files\vulkan</Filter>
    </ClInclude>
    <ClInclude Include="vulkan\benchmark.hpp">
      <Filter>Header Files\vulkan</Filter>
    </ClInclude>
    <ClInclude Include="vulkan\camera.hpp">
      <Filter>Header Files\vulkan</Filter>
    </ClInclude>
    <ClInclude Include="vulkan\CommandLineParser.hpp">
      <Filter>Header Files\vulkan</Filter>
    </ClInclude>
    <ClInclude Include="vulkan\frustum.hpp">
      <Filter>Header Files\vulkan</Filter>
    </ClInclude>
    <ClInclude Include="vulkan\keycodes.hpp">
      <Filter>Header Files\vulkan</Filter>
    </ClInclude>
    <ClInclude Include="vulkan\threadpool.hpp">
      <Filter>Header Files\vulkan</Filter>
    </ClInclude>
    <ClInclude Include="vulkan\VulkanFrameBuffer.hpp">
      <Filter>Header Files\vulkan</Filter>
    </ClInclude>
    <ClInclude Include="vulkan\shared.h">
      <Filter>Header Files\vulkan</Filter>
    </ClInclude>
    <ClInclude Include="vulkan\VulkanExampleRenderHeadless.h">
      <Filter>Header Files\vulkan</Filter>
    </ClInclude>
    <ClInclude Include="vulkan\base_application_no_swap_chain.h">
      <Filter>Header Files\vulkan</Filter>
    </ClInclude>
    <ClInclude Include="vulkan\application.h">
      <Filter>Header Files\vulkan</Filter>
    </ClInclude>
    <ClInclude Include="vulkan\vk_container.h">
      <Filter>Header Files\vulkan</Filter>
    </ClInclude>
    <ClInclude Include="vulkan\base_application_with_swap_chain.h">
      <Filter>Header Files\vulkan</Filter>
    </ClInclude>
  </ItemGroup>
</Project>